# THIS IS AN AUTOGENERATED FILE. DO NOT EDIT THIS FILE DIRECTLY.
# yarn lockfile v1


"@babel/generator@8.0.0-rc.2":
  version "8.0.0-rc.2"
  resolved "https://registry.yarnpkg.com/@babel/generator/-/generator-8.0.0-rc.2.tgz#f87e051fd0bd76e65f7c34ea916bf14191b345d4"
  integrity sha512-oCQ1IKPwkzCeJzAPb7Fv8rQ9k5+1sG8mf2uoHiMInPYvkRfrDJxbTIbH51U+jstlkghus0vAi3EBvkfvEsYNLQ==
  dependencies:
    "@babel/parser" "^8.0.0-rc.2"
    "@babel/types" "^8.0.0-rc.2"
    "@jridgewell/gen-mapping" "^0.3.12"
    "@jridgewell/trace-mapping" "^0.3.28"
    "@types/jsesc" "^2.5.0"
    jsesc "^3.0.2"

"@babel/helper-string-parser@^8.0.0-rc.2":
  version "8.0.0-rc.2"
  resolved "https://registry.yarnpkg.com/@babel/helper-string-parser/-/helper-string-parser-8.0.0-rc.2.tgz#704ba8e65febab32db571d9543df034fd4d49d22"
  integrity sha512-noLx87RwlBEMrTzncWd/FvTxoJ9+ycHNg0n8yyYydIoDsLZuxknKgWRJUqcrVkNrJ74uGyhWQzQaS3q8xfGAhQ==

"@babel/helper-validator-identifier@8.0.0-rc.2", "@babel/helper-validator-identifier@^8.0.0-rc.2":
  version "8.0.0-rc.2"
  resolved "https://registry.yarnpkg.com/@babel/helper-validator-identifier/-/helper-validator-identifier-8.0.0-rc.2.tgz#ef886a83faef3d5a5f79efe03d656bb112c5a96c"
  integrity sha512-xExUBkuXWJjVuIbO7z6q7/BA9bgfJDEhVL0ggrggLMbg0IzCUWGT1hZGE8qUH7Il7/RD/a6cZ3AAFrrlp1LF/A==

"@babel/parser@8.0.0-rc.2", "@babel/parser@^8.0.0-beta.4", "@babel/parser@^8.0.0-rc.2":
  version "8.0.0-rc.2"
  resolved "https://registry.yarnpkg.com/@babel/parser/-/parser-8.0.0-rc.2.tgz#91ee34ae92f889b8f691e5108c96f75c82ed2a2a"
  integrity sha512-29AhEtcq4x8Dp3T72qvUMZHx0OMXCj4Jy/TEReQa+KWLln524Cj1fWb3QFi0l/xSpptQBR6y9RNEXuxpFvwiUQ==
  dependencies:
    "@babel/types" "^8.0.0-rc.2"

"@babel/types@8.0.0-rc.2", "@babel/types@^8.0.0-rc.2":
  version "8.0.0-rc.2"
  resolved "https://registry.yarnpkg.com/@babel/types/-/types-8.0.0-rc.2.tgz#97c618870addc333a0d75043cc047b19a64adf27"
  integrity sha512-91gAaWRznDwSX4E2tZ1YjBuIfnQVOFDCQ2r0Toby0gu4XEbyF623kXLMA8d4ZbCu+fINcrudkmEcwSUHgDDkNw==
  dependencies:
    "@babel/helper-string-parser" "^8.0.0-rc.2"
    "@babel/helper-validator-identifier" "^8.0.0-rc.2"

"@emnapi/core@^1.7.1":
  version "1.8.1"
  resolved "https://registry.yarnpkg.com/@emnapi/core/-/core-1.8.1.tgz#fd9efe721a616288345ffee17a1f26ac5dd01349"
  integrity sha512-AvT9QFpxK0Zd8J0jopedNm+w/2fIzvtPKPjqyw9jwvBaReTTqPBk9Hixaz7KbjimP+QNz605/XnjFcDAL2pqBg==
  dependencies:
    "@emnapi/wasi-threads" "1.1.0"
    tslib "^2.4.0"

"@emnapi/runtime@^1.7.1":
  version "1.8.1"
  resolved "https://registry.yarnpkg.com/@emnapi/runtime/-/runtime-1.8.1.tgz#550fa7e3c0d49c5fb175a116e8cd70614f9a22a5"
  integrity sha512-mehfKSMWjjNol8659Z8KxEMrdSJDDot5SXMq00dM8BN4o+CLNXQ0xH2V7EchNHV4RmbZLmmPdEaXZc5H2FXmDg==
  dependencies:
    tslib "^2.4.0"

"@emnapi/wasi-threads@1.1.0":
  version "1.1.0"
  resolved "https://registry.yarnpkg.com/@emnapi/wasi-threads/-/wasi-threads-1.1.0.tgz#60b2102fddc9ccb78607e4a3cf8403ea69be41bf"
  integrity sha512-WI0DdZ8xFSbgMjR1sFsKABJ/C5OnRrjT06JXbZKexJGrDuPTzZdDYfFlsgcCXCyf+suG5QU2e/y1Wo2V/OapLQ==
  dependencies:
    tslib "^2.4.0"

"@esbuild/aix-ppc64@0.27.7":
  version "0.27.7"
  resolved "https://registry.yarnpkg.com/@esbuild/aix-ppc64/-/aix-ppc64-0.27.7.tgz#82b74f92aa78d720b714162939fb248c90addf53"
  integrity sha512-EKX3Qwmhz1eMdEJokhALr0YiD0lhQNwDqkPYyPhiSwKrh7/4KRjQc04sZ8db+5DVVnZ1LmbNDI1uAMPEUBnQPg==

"@esbuild/android-arm64@0.27.7":
  version "0.27.7"
  resolved "https://registry.yarnpkg.com/@esbuild/android-arm64/-/android-arm64-0.27.7.tgz#f78cb8a3121fc205a53285adb24972db385d185d"
  integrity sha512-62dPZHpIXzvChfvfLJow3q5dDtiNMkwiRzPylSCfriLvZeq0a1bWChrGx/BbUbPwOrsWKMn8idSllklzBy+dgQ==

"@esbuild/android-arm@0.27.7":
  version "0.27.7"
  resolved "https://registry.yarnpkg.com/@esbuild/android-arm/-/android-arm-0.27.7.tgz#593e10a1450bbfcac6cb321f61f468453bac209d"
  integrity sha512-jbPXvB4Yj2yBV7HUfE2KHe4GJX51QplCN1pGbYjvsyCZbQmies29EoJbkEc+vYuU5o45AfQn37vZlyXy4YJ8RQ==

"@esbuild/android-x64@0.27.7":
  version "0.27.7"
  resolved "https://registry.yarnpkg.com/@esbuild/android-x64/-/android-x64-0.27.7.tgz#453143d073326033d2d22caf9e48de4bae274b07"
  integrity sha512-x5VpMODneVDb70PYV2VQOmIUUiBtY3D3mPBG8NxVk5CogneYhkR7MmM3yR/uMdITLrC1ml/NV1rj4bMJuy9MCg==

"@esbuild/darwin-arm64@0.27.7":
  version "0.27.7"
  resolved "https://registry.yarnpkg.com/@esbuild/darwin-arm64/-/darwin-arm64-0.27.7.tgz#6f23000fb9b40b7e04b7d0606c0693bd0632f322"
  integrity sha512-5lckdqeuBPlKUwvoCXIgI2D9/ABmPq3Rdp7IfL70393YgaASt7tbju3Ac+ePVi3KDH6N2RqePfHnXkaDtY9fkw==

"@esbuild/darwin-x64@0.27.7":
  version "0.27.7"
  resolved "https://registry.yarnpkg.com/@esbuild/darwin-x64/-/darwin-x64-0.27.7.tgz#27393dd18bb1263c663979c5f1576e00c2d024be"
  integrity sha512-rYnXrKcXuT7Z+WL5K980jVFdvVKhCHhUwid+dDYQpH+qu+TefcomiMAJpIiC2EM3Rjtq0sO3StMV/+3w3MyyqQ==

"@esbuild/freebsd-arm64@0.27.7":
  version "0.27.7"
  resolved "https://registry.yarnpkg.com/@esbuild/freebsd-arm64/-/freebsd-arm64-0.27.7.tgz#22e4638fa502d1c0027077324c97640e3adf3a62"
  integrity sha512-B48PqeCsEgOtzME2GbNM2roU29AMTuOIN91dsMO30t+Ydis3z/3Ngoj5hhnsOSSwNzS+6JppqWsuhTp6E82l2w==

"@esbuild/freebsd-x64@0.27.7":
  version "0.27.7"
  resolved "https://registry.yarnpkg.com/@esbuild/freebsd-x64/-/freebsd-x64-0.27.7.tgz#9224b8e4fea924ce2194e3efc3e9aebf822192d6"
  integrity sha512-jOBDK5XEjA4m5IJK3bpAQF9/Lelu/Z9ZcdhTRLf4cajlB+8VEhFFRjWgfy3M1O4rO2GQ/b2dLwCUGpiF/eATNQ==

"@esbuild/linux-arm64@0.27.7":
  version "0.27.7"
  resolved "https://registry.yarnpkg.com/@esbuild/linux-arm64/-/linux-arm64-0.27.7.tgz#4f5d1c27527d817b35684ae21419e57c2bda0966"
  integrity sha512-RZPHBoxXuNnPQO9rvjh5jdkRmVizktkT7TCDkDmQ0W2SwHInKCAV95GRuvdSvA7w4VMwfCjUiPwDi0ZO6Nfe9A==

"@esbuild/linux-arm@0.27.7":
  version "0.27.7"
  resolved "https://registry.yarnpkg.com/@esbuild/linux-arm/-/linux-arm-0.27.7.tgz#b9e9d070c8c1c0449cf12b20eac37d70a4595921"
  integrity sha512-RkT/YXYBTSULo3+af8Ib0ykH8u2MBh57o7q/DAs3lTJlyVQkgQvlrPTnjIzzRPQyavxtPtfg0EopvDyIt0j1rA==

"@esbuild/linux-ia32@0.27.7":
  version "0.27.7"
  resolved "https://registry.yarnpkg.com/@esbuild/linux-ia32/-/linux-ia32-0.27.7.tgz#3f80fb696aa96051a94047f35c85b08b21c36f9e"
  integrity sha512-GA48aKNkyQDbd3KtkplYWT102C5sn/EZTY4XROkxONgruHPU72l+gW+FfF8tf2cFjeHaRbWpOYa/uRBz/Xq1Pg==

"@esbuild/linux-loong64@0.27.7":
  version "0.27.7"
  resolved "https://registry.yarnpkg.com/@esbuild/linux-loong64/-/linux-loong64-0.27.7.tgz#9be1f2c28210b13ebb4156221bba356fe1675205"
  integrity sha512-a4POruNM2oWsD4WKvBSEKGIiWQF8fZOAsycHOt6JBpZ+JN2n2JH9WAv56SOyu9X5IqAjqSIPTaJkqN8F7XOQ5Q==

"@esbuild/linux-mips64el@0.27.7":
  version "0.27.7"
  resolved "https://registry.yarnpkg.com/@esbuild/linux-mips64el/-/linux-mips64el-0.27.7.tgz#4ab5ee67a3dfcbcb5e8fd7883dae6e735b1163b8"
  integrity sha512-KabT5I6StirGfIz0FMgl1I+R1H73Gp0ofL9A3nG3i/cYFJzKHhouBV5VWK1CSgKvVaG4q1RNpCTR2LuTVB3fIw==

"@esbuild/linux-ppc64@0.27.7":
  version "0.27.7"
  resolved "https://registry.yarnpkg.com/@esbuild/linux-ppc64/-/linux-ppc64-0.27.7.tgz#dac78c689f6499459c4321e5c15032c12307e7ea"
  integrity sha512-gRsL4x6wsGHGRqhtI+ifpN/vpOFTQtnbsupUF5R5YTAg+y/lKelYR1hXbnBdzDjGbMYjVJLJTd2OFmMewAgwlQ==

"@esbuild/linux-riscv64@0.27.7":
  version "0.27.7"
  resolved "https://registry.yarnpkg.com/@esbuild/linux-riscv64/-/linux-riscv64-0.27.7.tgz#050f7d3b355c3a98308e935bc4d6325da91b0027"
  integrity sha512-hL25LbxO1QOngGzu2U5xeXtxXcW+/GvMN3ejANqXkxZ/opySAZMrc+9LY/WyjAan41unrR3YrmtTsUpwT66InQ==

"@esbuild/linux-s390x@0.27.7":
  version "0.27.7"
  resolved "https://registry.yarnpkg.com/@esbuild/linux-s390x/-/linux-s390x-0.27.7.tgz#d61f715ce61d43fe5844ad0d8f463f88cbe4fef6"
  integrity sha512-2k8go8Ycu1Kb46vEelhu1vqEP+UeRVj2zY1pSuPdgvbd5ykAw82Lrro28vXUrRmzEsUV0NzCf54yARIK8r0fdw==

"@esbuild/linux-x64@0.27.7":
  version "0.27.7"
  resolved "https://registry.yarnpkg.com/@esbuild/linux-x64/-/linux-x64-0.27.7.tgz#ca8e1aa478fc8209257bf3ac8f79c4dc2982f32a"
  integrity sha512-hzznmADPt+OmsYzw1EE33ccA+HPdIqiCRq7cQeL1Jlq2gb1+OyWBkMCrYGBJ+sxVzve2ZJEVeePbLM2iEIZSxA==

"@esbuild/netbsd-arm64@0.27.7":
  version "0.27.7"
  resolved "https://registry.yarnpkg.com/@esbuild/netbsd-arm64/-/netbsd-arm64-0.27.7.tgz#1650f2c1b948deeb3ef948f2fc30614723c09690"
  integrity sha512-b6pqtrQdigZBwZxAn1UpazEisvwaIDvdbMbmrly7cDTMFnw/+3lVxxCTGOrkPVnsYIosJJXAsILG9XcQS+Yu6w==

"@esbuild/netbsd-x64@0.27.7":
  version "0.27.7"
  resolved "https://registry.yarnpkg.com/@esbuild/netbsd-x64/-/netbsd-x64-0.27.7.tgz#65772ab342c4b3319bf0705a211050aac1b6e320"
  integrity sha512-OfatkLojr6U+WN5EDYuoQhtM+1xco+/6FSzJJnuWiUw5eVcicbyK3dq5EeV/QHT1uy6GoDhGbFpprUiHUYggrw==

"@esbuild/openbsd-arm64@0.27.7":
  version "0.27.7"
  resolved "https://registry.yarnpkg.com/@esbuild/openbsd-arm64/-/openbsd-arm64-0.27.7.tgz#37ed7cfa66549d7955852fce37d0c3de4e715ea1"
  integrity sha512-AFuojMQTxAz75Fo8idVcqoQWEHIXFRbOc1TrVcFSgCZtQfSdc1RXgB3tjOn/krRHENUB4j00bfGjyl2mJrU37A==

"@esbuild/openbsd-x64@0.27.7":
  version "0.27.7"
  resolved "https://registry.yarnpkg.com/@esbuild/openbsd-x64/-/openbsd-x64-0.27.7.tgz#01bf3d385855ef50cb33db7c4b52f957c34cd179"
  integrity sha512-+A1NJmfM8WNDv5CLVQYJ5PshuRm/4cI6WMZRg1by1GwPIQPCTs1GLEUHwiiQGT5zDdyLiRM/l1G0Pv54gvtKIg==

"@esbuild/openharmony-arm64@0.27.7":
  version "0.27.7"
  resolved "https://registry.yarnpkg.com/@esbuild/openharmony-arm64/-/openharmony-arm64-0.27.7.tgz#6c1f94b34086599aabda4eac8f638294b9877410"
  integrity sha512-+KrvYb/C8zA9CU/g0sR6w2RBw7IGc5J2BPnc3dYc5VJxHCSF1yNMxTV5LQ7GuKteQXZtspjFbiuW5/dOj7H4Yw==

"@esbuild/sunos-x64@0.27.7":
  version "0.27.7"
  resolved "https://registry.yarnpkg.com/@esbuild/sunos-x64/-/sunos-x64-0.27.7.tgz#4b0dd17ae0a6941d2d0fd35a906392517071a90d"
  integrity sha512-ikktIhFBzQNt/QDyOL580ti9+5mL/YZeUPKU2ivGtGjdTYoqz6jObj6nOMfhASpS4GU4Q/Clh1QtxWAvcYKamA==

"@esbuild/win32-arm64@0.27.7":
  version "0.27.7"
  resolved "https://registry.yarnpkg.com/@esbuild/win32-arm64/-/win32-arm64-0.27.7.tgz#34193ab5565d6ff68ca928ac04be75102ccb2e77"
  integrity sha512-7yRhbHvPqSpRUV7Q20VuDwbjW5kIMwTHpptuUzV+AA46kiPze5Z7qgt6CLCK3pWFrHeNfDd1VKgyP4O+ng17CA==

"@esbuild/win32-ia32@0.27.7":
  version "0.27.7"
  resolved "https://registry.yarnpkg.com/@esbuild/win32-ia32/-/win32-ia32-0.27.7.tgz#eb67f0e4482515d8c1894ede631c327a4da9fc4d"
  integrity sha512-SmwKXe6VHIyZYbBLJrhOoCJRB/Z1tckzmgTLfFYOfpMAx63BJEaL9ExI8x7v0oAO3Zh6D/Oi1gVxEYr5oUCFhw==

"@esbuild/win32-x64@0.27.7":
  version "0.27.7"
  resolved "https://registry.yarnpkg.com/@esbuild/win32-x64/-/win32-x64-0.27.7.tgz#8fe30b3088b89b4873c3a6cc87597ae3920c0a8b"
  integrity sha512-56hiAJPhwQ1R4i+21FVF7V8kSD5zZTdHcVuRFMW0hn753vVfQN8xlx4uOPT4xoGH0Z/oVATuR82AiqSTDIpaHg==

"@figliolia/child-process@^1.0.4":
  version "1.0.4"
  resolved "https://registry.yarnpkg.com/@figliolia/child-process/-/child-process-1.0.4.tgz#5337c847f43a08ff9e1124793fa650f746515da5"
  integrity sha512-midiGoIu0pO9q+T607iYFSsEFSg6XlWJ7REaGcX/mCuxgrr8hudGSPz4OzyXznVUlp1UwaVTjfgYHlSUxuaJXg==

"@figliolia/semver@^1.0.0":
  version "1.0.0"
  resolved "https://registry.yarnpkg.com/@figliolia/semver/-/semver-1.0.0.tgz#bc2be6f79b7de8fc1c18e1c3c3bc312f785e51b8"
  integrity sha512-8+HBxSsbdvfFJKvSwKRGdeq6dV5BjoMGu7AQEooXFnUXGedgvnIxAgolnykGMUcF5hBC6hQB0a9FZuq79HYOgw==

"@jridgewell/gen-mapping@^0.3.12":
  version "0.3.13"
  resolved "https://registry.yarnpkg.com/@jridgewell/gen-mapping/-/gen-mapping-0.3.13.tgz#6342a19f44347518c93e43b1ac69deb3c4656a1f"
  integrity sha512-2kkt/7niJ6MgEPxF0bYdQ6etZaA+fQvDcLKckhy1yIQOzaoKjBBjSj63/aLVjYE3qhRt5dvM+uUyfCg6UKCBbA==
  dependencies:
    "@jridgewell/sourcemap-codec" "^1.5.0"
    "@jridgewell/trace-mapping" "^0.3.24"

"@jridgewell/resolve-uri@^3.1.0":
  version "3.1.2"
  resolved "https://registry.yarnpkg.com/@jridgewell/resolve-uri/-/resolve-uri-3.1.2.tgz#7a0ee601f60f99a20c7c7c5ff0c80388c1189bd6"
  integrity sha512-bRISgCIjP20/tbWSPWMEi54QVPRZExkuD9lJL+UIxUKtwVJA8wW1Trb1jMs1RFXo1CBTNZ/5hpC9QvmKWdopKw==

"@jridgewell/sourcemap-codec@^1.4.14", "@jridgewell/sourcemap-codec@^1.5.0":
  version "1.5.5"
  resolved "https://registry.yarnpkg.com/@jridgewell/sourcemap-codec/-/sourcemap-codec-1.5.5.tgz#6912b00d2c631c0d15ce1a7ab57cd657f2a8f8ba"
  integrity sha512-cYQ9310grqxueWbl+WuIUIaiUaDcj7WOq5fVhEljNVgRfOUhY9fy2zTvfoqWsnebh8Sl70VScFbICvJnLKB0Og==

"@jridgewell/trace-mapping@^0.3.24", "@jridgewell/trace-mapping@^0.3.28":
  version "0.3.31"
  resolved "https://registry.yarnpkg.com/@jridgewell/trace-mapping/-/trace-mapping-0.3.31.tgz#db15d6781c931f3a251a3dac39501c98a6082fd0"
  integrity sha512-zzNR+SdQSDJzc8joaeP8QQoCQr8NuYx2dIIytl1QeBEZHJ9uW6hebsrYgbz8hJwUQao3TWCMtmfV8Nu1twOLAw==
  dependencies:
    "@jridgewell/resolve-uri" "^3.1.0"
    "@jridgewell/sourcemap-codec" "^1.4.14"

"@napi-rs/wasm-runtime@^1.1.1":
  version "1.1.1"
  resolved "https://registry.yarnpkg.com/@napi-rs/wasm-runtime/-/wasm-runtime-1.1.1.tgz#c3705ab549d176b8dc5172723d6156c3dc426af2"
  integrity sha512-p64ah1M1ld8xjWv3qbvFwHiFVWrq1yFvV4f7w+mzaqiR4IlSgkqhcRdHwsGgomwzBH51sRY4NEowLxnaBjcW/A==
  dependencies:
    "@emnapi/core" "^1.7.1"
    "@emnapi/runtime" "^1.7.1"
    "@tybys/wasm-util" "^0.10.1"

"@oxc-project/types@=0.115.0":
  version "0.115.0"
  resolved "https://registry.yarnpkg.com/@oxc-project/types/-/types-0.115.0.tgz#92a599543529bce45f8f2da77f40a124d63349dc"
  integrity sha512-4n91DKnebUS4yjUHl2g3/b2T+IUdCfmoZGhmwsovZCDaJSs+QkVAM+0AqqTxHSsHfeiMuueT75cZaZcT/m0pSw==

"@oxfmt/binding-android-arm-eabi@0.45.0":
  version "0.45.0"
  resolved "https://registry.yarnpkg.com/@oxfmt/binding-android-arm-eabi/-/binding-android-arm-eabi-0.45.0.tgz#fff31ce518b52c4a13724c724df68424944e66a4"
  integrity sha512-A/UMxFob1fefCuMeGxQBulGfFE38g2Gm23ynr3u6b+b7fY7/ajGbNsa3ikMIkGMLJW/TRoQaMoP1kME7S+815w==

"@oxfmt/binding-android-arm64@0.45.0":
  version "0.45.0"
  resolved "https://registry.yarnpkg.com/@oxfmt/binding-android-arm64/-/binding-android-arm64-0.45.0.tgz#042f6ecb5cf75c4c517c12bf2864a124a137e1bd"
  integrity sha512-L63z4uZmHjgvvqvMJD7mwff8aSBkM0+X4uFr6l6U5t6+Qc9DCLVZWIunJ7Gm4fn4zHPdSq6FFQnhu9yqqobxIg==

"@oxfmt/binding-darwin-arm64@0.45.0":
  version "0.45.0"
  resolved "https://registry.yarnpkg.com/@oxfmt/binding-darwin-arm64/-/binding-darwin-arm64-0.45.0.tgz#5fe81cb85d4a49833cc50760fb7374456018bdd2"
  integrity sha512-UV34dd623FzqT+outIGndsCA/RBB+qgB3XVQhgmmJ9PJwa37NzPC9qzgKeOhPKxVk2HW+JKldQrVL54zs4Noww==

"@oxfmt/binding-darwin-x64@0.45.0":
  version "0.45.0"
  resolved "https://registry.yarnpkg.com/@oxfmt/binding-darwin-x64/-/binding-darwin-x64-0.45.0.tgz#ea0fb3351f5dd5a5f20cac0c6ea9d91e3c785918"
  integrity sha512-pMNJv0CMa1pDefVPeNbuQxibh8ITpWDFEhMC/IBB9Zlu76EbgzYwrzI4Cb11mqX2+rIYN70UTrh3z06TM59ptQ==

"@oxfmt/binding-freebsd-x64@0.45.0":
  version "0.45.0"
  resolved "https://registry.yarnpkg.com/@oxfmt/binding-freebsd-x64/-/binding-freebsd-x64-0.45.0.tgz#1491e9fead888a9af33e8ad14942867afe648b01"
  integrity sha512-xTcRoxbbo61sW2+ZRPeH+vp/o9G8gkdhiVumFU+TpneiPm14c79l6GFlxPXlCE9bNWikigbsrvJw46zCVAQFfg==

"@oxfmt/binding-linux-arm-gnueabihf@0.45.0":
  version "0.45.0"
  resolved "https://registry.yarnpkg.com/@oxfmt/binding-linux-arm-gnueabihf/-/binding-linux-arm-gnueabihf-0.45.0.tgz#81be6636f26a8d4c7cf092ccde31db59de3f32c4"
  integrity sha512-hWL8Hdni+3U1mPFx1UtWeGp3tNb6EhBAUHRMbKUxVkOp3WwoJbpVO2bfUVbS4PfpledviXXNHSTl1veTa6FhkQ==

"@oxfmt/binding-linux-arm-musleabihf@0.45.0":
  version "0.45.0"
  resolved "https://registry.yarnpkg.com/@oxfmt/binding-linux-arm-musleabihf/-/binding-linux-arm-musleabihf-0.45.0.tgz#2d1bb8bd4a7cd8f29f78e1d7657718acaa5b8b84"
  integrity sha512-6Blt/0OBT7vvfQpqYuYbpbFLPqSiaYpEJzUUWhinPEuADypDbtV1+LdjM0vYBNGPvnj85ex7lTerEX6JGcPt9w==

"@oxfmt/binding-linux-arm64-gnu@0.45.0":
  version "0.45.0"
  resolved "https://registry.yarnpkg.com/@oxfmt/binding-linux-arm64-gnu/-/binding-linux-arm64-gnu-0.45.0.tgz#9a9f6cfc376e47e86e78549b249a9de2809e9b46"
  integrity sha512-jLjoLfe+hGfjhA8hNBSdw85yCA8ePKq7ME4T+g6P9caQXvmt6IhE2X7iVjnVdkmYUWEzZrxlh4p6RkDmAMJY/A==

"@oxfmt/binding-linux-arm64-musl@0.45.0":
  version "0.45.0"
  resolved "https://registry.yarnpkg.com/@oxfmt/binding-linux-arm64-musl/-/binding-linux-arm64-musl-0.45.0.tgz#edff957f2c4c1cb52746789d74d491b00aabc7ea"
  integrity sha512-XQKXZIKYJC3GQJ8FnD3iMntpw69Wd9kDDK/Xt79p6xnFYlGGxSNv2vIBvRTDg5CKByWFWWZLCRDOXoP/m6YN4g==

"@oxfmt/binding-linux-ppc64-gnu@0.45.0":
  version "0.45.0"
  resolved "https://registry.yarnpkg.com/@oxfmt/binding-linux-ppc64-gnu/-/binding-linux-ppc64-gnu-0.45.0.tgz#9e50ac10880701f5f3f4e9050e4422d4b549df92"
  integrity sha512-+g5RiG+xOkdrCWkKodv407nTvMq4vYM18Uox2MhZBm/YoqFxxJpWKsloskFFG5NU13HGPw1wzYjjOVcyd9moCA==

"@oxfmt/binding-linux-riscv64-gnu@0.45.0":
  version "0.45.0"
  resolved "https://registry.yarnpkg.com/@oxfmt/binding-linux-riscv64-gnu/-/binding-linux-riscv64-gnu-0.45.0.tgz#4ab7c68cd8fd3d11bbed2378dec8a9df8f6f59da"
  integrity sha512-V7dXKoSyEbWAkkSF4JJNtF+NJZDmJoSarSoP30WCsB3X636Rehd3CvxBj49FIJxEBFWhvcUjGSHVeU8Erck1bQ==

"@oxfmt/binding-linux-riscv64-musl@0.45.0":
  version "0.45.0"
  resolved "https://registry.yarnpkg.com/@oxfmt/binding-linux-riscv64-musl/-/binding-linux-riscv64-musl-0.45.0.tgz#697c5e3e32b917e8ed2d3f9d9eeeb79cb9af75db"
  integrity sha512-Vdelft1sAEYojVGgcODEFXSWYQYlIvoyIGWebKCuUibd1tvS1TjTx413xG2ZLuHpYj45CkN/ztMLMX6jrgqpgg==

"@oxfmt/binding-linux-s390x-gnu@0.45.0":
  version "0.45.0"
  resolved "https://registry.yarnpkg.com/@oxfmt/binding-linux-s390x-gnu/-/binding-linux-s390x-gnu-0.45.0.tgz#0db96602c9f68910db100123c2309031488cad8e"
  integrity sha512-RR7xKgNpqwENnK0aYCGYg0JycY2n93J0reNjHyes+I9Gq52dH95x+CBlnlAQHCPfz6FGnKA9HirgUl14WO6o7w==

"@oxfmt/binding-linux-x64-gnu@0.45.0":
  version "0.45.0"
  resolved "https://registry.yarnpkg.com/@oxfmt/binding-linux-x64-gnu/-/binding-linux-x64-gnu-0.45.0.tgz#826305180bc88cc231668904037f1bf8629f81f6"
  integrity sha512-U/QQ0+BQNSHxjuXR/utvXnQ50Vu5kUuqEomZvQ1/3mhgbBiMc2WU9q5kZ5WwLp3gnFIx9ibkveoRSe2EZubkqg==

"@oxfmt/binding-linux-x64-musl@0.45.0":
  version "0.45.0"
  resolved "https://registry.yarnpkg.com/@oxfmt/binding-linux-x64-musl/-/binding-linux-x64-musl-0.45.0.tgz#b2c71006afde491c59324935740cebb0eef9bb38"
  integrity sha512-o5TLOUCF0RWQjsIS06yVC+kFgp092/yLe6qBGSUvtnmTVw9gxjpdQSXc3VN5Cnive4K11HNstEZF8ROKHfDFSw==

"@oxfmt/binding-openharmony-arm64@0.45.0":
  version "0.45.0"
  resolved "https://registry.yarnpkg.com/@oxfmt/binding-openharmony-arm64/-/binding-openharmony-arm64-0.45.0.tgz#fe290008cedcacbd5a794fd4f5f3fa0de62bb193"
  integrity sha512-RnGcV3HgPuOjsGx/k9oyRNKmOp+NBLGzZTdPDYbc19r7NGeYPplnUU/BfU35bX2Y/O4ejvHxcfkvW2WoYL/gsg==

"@oxfmt/binding-win32-arm64-msvc@0.45.0":
  version "0.45.0"
  resolved "https://registry.yarnpkg.com/@oxfmt/binding-win32-arm64-msvc/-/binding-win32-arm64-msvc-0.45.0.tgz#f9d4e83447f3ef7a9133c0a7b7fa30c05954710a"
  integrity sha512-v3Vj7iKKsUFwt9w5hsqIIoErKVoENC6LoqfDlteOQ5QMDCXihlqLoxpmviUhXnNncg4zV6U9BPwlBbwa+qm4wg==

"@oxfmt/binding-win32-ia32-msvc@0.45.0":
  version "0.45.0"
  resolved "https://registry.yarnpkg.com/@oxfmt/binding-win32-ia32-msvc/-/binding-win32-ia32-msvc-0.45.0.tgz#78dbbe605c117dee1b10bba6a8862997ffb1685e"
  integrity sha512-N8yotPBX6ph0H3toF4AEpdCeVPrdcSetj+8eGiZGsrLsng3bs/Q5HPu4bbSxip5GBPx5hGbGHrZwH4+rcrjhHA==

"@oxfmt/binding-win32-x64-msvc@0.45.0":
  version "0.45.0"
  resolved "https://registry.yarnpkg.com/@oxfmt/binding-win32-x64-msvc/-/binding-win32-x64-msvc-0.45.0.tgz#26df9c1b762dfc623e3fffe8c99d189c83177f4f"
  integrity sha512-w5MMTRCK1dpQeRA+HHqXQXyN33DlG/N2LOYxJmaT4fJjcmZrbNnqw7SmIk7I2/a2493PPLZ+2E/Ar6t2iKVMug==

"@oxlint-tsgolint/darwin-arm64@0.20.0":
  version "0.20.0"
  resolved "https://registry.yarnpkg.com/@oxlint-tsgolint/darwin-arm64/-/darwin-arm64-0.20.0.tgz#6d704883904fa6e5fc922a7cef882bad4c734a0b"
  integrity sha512-KKQcIHZHMxqpHUA1VXIbOG6chNCFkUWbQy6M+AFVtPKkA/3xAeJkJ3njoV66bfzwPHRcWQO+kcj5XqtbkjakoA==

"@oxlint-tsgolint/darwin-x64@0.20.0":
  version "0.20.0"
  resolved "https://registry.yarnpkg.com/@oxlint-tsgolint/darwin-x64/-/darwin-x64-0.20.0.tgz#676d7a1cf82216d91e9bc143f676e7dbe59ce596"
  integrity sha512-7HeVMuclGfG+NLZi2ybY0T4fMI7/XxO/208rJk+zEIloKkVnlh11Wd241JMGwgNFXn+MLJbOqOfojDb2Dt4L1g==

"@oxlint-tsgolint/linux-arm64@0.20.0":
  version "0.20.0"
  resolved "https://registry.yarnpkg.com/@oxlint-tsgolint/linux-arm64/-/linux-arm64-0.20.0.tgz#5a2e67cf18394b6b868301cf3d84c8b8be7ab6b9"
  integrity sha512-zxhUwz+WSxE6oWlZLK2z2ps9yC6ebmgoYmjAl0Oa48+GqkZ56NVgo+wb8DURNv6xrggzHStQxqQxe3mK51HZag==

"@oxlint-tsgolint/linux-x64@0.20.0":
  version "0.20.0"
  resolved "https://registry.yarnpkg.com/@oxlint-tsgolint/linux-x64/-/linux-x64-0.20.0.tgz#68468ad9253668748736191b6a7af51ae737c0a4"
  integrity sha512-/1l6FnahC9im8PK+Ekkx/V3yetO/PzZnJegE2FXcv/iXEhbeVxP/ouiTYcUQu9shT1FWJCSNti1VJHH+21Y1dg==

"@oxlint-tsgolint/win32-arm64@0.20.0":
  version "0.20.0"
  resolved "https://registry.yarnpkg.com/@oxlint-tsgolint/win32-arm64/-/win32-arm64-0.20.0.tgz#32a0eba60f0a88cd6d6d53cc03eb1b2e43ca0c50"
  integrity sha512-oPZ5Yz8sVdo7P/5q+i3IKeix31eFZ55JAPa1+RGPoe9PoaYVsdMvR6Jvib6YtrqoJnFPlg3fjEjlEPL8VBKYJA==

"@oxlint-tsgolint/win32-x64@0.20.0":
  version "0.20.0"
  resolved "https://registry.yarnpkg.com/@oxlint-tsgolint/win32-x64/-/win32-x64-0.20.0.tgz#90d5582b1df2ae877b2c5d7620e3a55acf9cc45f"
  integrity sha512-4stx8RHj3SP9vQyRF/yZbz5igtPvYMEUR8CUoha4BVNZihi39DpCR8qkU7lpjB5Ga1DRMo2pHaA4bdTOMaY4mw==

"@oxlint/darwin-arm64@1.43.0":
  version "1.43.0"
  resolved "https://registry.yarnpkg.com/@oxlint/darwin-arm64/-/darwin-arm64-1.43.0.tgz#81c4b5eddd0d2b9eb9c974cee9bfb723578b9af6"
  integrity sha512-C/GhObv/pQZg34NOzB6Mk8x0wc9AKj8fXzJF8ZRKTsBPyHusC6AZ6bba0QG0TUufw1KWuD0j++oebQfWeiFXNw==

"@oxlint/darwin-x64@1.43.0":
  version "1.43.0"
  resolved "https://registry.yarnpkg.com/@oxlint/darwin-x64/-/darwin-x64-1.43.0.tgz#f83e3f8e012183fa42fc45f77e6213845c0eec7b"
  integrity sha512-4NjfUtEEH8ewRQ2KlZGmm6DyrvypMdHwBnQT92vD0dLScNOQzr0V9O8Ua4IWXdeCNl/XMVhAV3h4/3YEYern5A==

"@oxlint/linux-arm64-gnu@1.43.0":
  version "1.43.0"
  resolved "https://registry.yarnpkg.com/@oxlint/linux-arm64-gnu/-/linux-arm64-gnu-1.43.0.tgz#76b50fdb5584e487a96fb7f5bb271f6f95d69602"
  integrity sha512-75tf1HvwdZ3ebk83yMbSB+moAEWK98mYqpXiaFAi6Zshie7r+Cx5PLXZFUEqkscenoZ+fcNXakHxfn94V6nf1g==

"@oxlint/linux-arm64-musl@1.43.0":
  version "1.43.0"
  resolved "https://registry.yarnpkg.com/@oxlint/linux-arm64-musl/-/linux-arm64-musl-1.43.0.tgz#4d7483a16d9d342194bbe94fff22bb4d117d00b3"
  integrity sha512-BHV4fb36T2p/7bpA9fiJ5ayt7oJbiYX10nklW5arYp4l9/9yG/FQC5J4G1evzbJ/YbipF9UH0vYBAm5xbqGrvw==

"@oxlint/linux-x64-gnu@1.43.0":
  version "1.43.0"
  resolved "https://registry.yarnpkg.com/@oxlint/linux-x64-gnu/-/linux-x64-gnu-1.43.0.tgz#f779e3c8143212af75e1e73af9f27aef7016e1ef"
  integrity sha512-1l3nvnzWWse1YHibzZ4HQXdF/ibfbKZhp9IguElni3bBqEyPEyurzZ0ikWynDxKGXqZa+UNXTFuU1NRVX1RJ3g==

"@oxlint/linux-x64-musl@1.43.0":
  version "1.43.0"
  resolved "https://registry.yarnpkg.com/@oxlint/linux-x64-musl/-/linux-x64-musl-1.43.0.tgz#e91c835c582dc2e3eef2801d471b15a73edf30bf"
  integrity sha512-+jNYgLGRFTJxJuaSOZJBwlYo5M0TWRw0+3y5MHOL4ArrIdHyCthg6r4RbVWrsR1qUfUE1VSSHQ2bfbC99RXqMg==

"@oxlint/win32-arm64@1.43.0":
  version "1.43.0"
  resolved "https://registry.yarnpkg.com/@oxlint/win32-arm64/-/win32-arm64-1.43.0.tgz#053ff19ca99ca7f38c7dc46c93f3a06ee43d15a6"
  integrity sha512-dvs1C/HCjCyGTURMagiHprsOvVTT3omDiSzi5Qw0D4QFJ1pEaNlfBhVnOUYgUfS6O7Mcmj4+G+sidRsQcWQ/kA==

"@oxlint/win32-x64@1.43.0":
  version "1.43.0"
  resolved "https://registry.yarnpkg.com/@oxlint/win32-x64/-/win32-x64-1.43.0.tgz#93bf69af948c85f54163a25c07b600626562f72b"
  integrity sha512-bSuItSU8mTSDsvmmLTepTdCL2FkJI6dwt9tot/k0EmiYF+ArRzmsl4lXVLssJNRV5lJEc5IViyTrh7oiwrjUqA==

"@quansync/fs@^1.0.0":
  version "1.0.0"
  resolved "https://registry.yarnpkg.com/@quansync/fs/-/fs-1.0.0.tgz#17131b1f1c261fcfb63893272c488df89c73f48f"
  integrity sha512-4TJ3DFtlf1L5LDMaM6CanJ/0lckGNtJcMjQ1NAV6zDmA0tEHKZtxNKin8EgPaVX1YzljbxckyT2tJrpQKAtngQ==
  dependencies:
    quansync "^1.0.0"

"@rolldown/binding-android-arm64@1.0.0-rc.7":
  version "1.0.0-rc.7"
  resolved "https://registry.yarnpkg.com/@rolldown/binding-android-arm64/-/binding-android-arm64-1.0.0-rc.7.tgz#01558fa148019954c8cfba6951da736309082deb"
  integrity sha512-/uadfNUaMLFFBGvcIOiq8NnlhvTZTjOyybJaJnhGxD0n9k5vZRJfTaitH5GHnbwmc6T2PC+ZpS1FQH+vXyS/UA==

"@rolldown/binding-darwin-arm64@1.0.0-rc.7":
  version "1.0.0-rc.7"
  resolved "https://registry.yarnpkg.com/@rolldown/binding-darwin-arm64/-/binding-darwin-arm64-1.0.0-rc.7.tgz#bd7eb5ad8de707bda40408f831900cad1b6124e3"
  integrity sha512-zokYr1KgRn0hRA89dmgtPj/BmKp9DxgrfAJvOEFfXa8nfYWW2nmgiYIBGpSIAJrEg7Qc/Qznovy6xYwmKh0M8g==

"@rolldown/binding-darwin-x64@1.0.0-rc.7":
  version "1.0.0-rc.7"
  resolved "https://registry.yarnpkg.com/@rolldown/binding-darwin-x64/-/binding-darwin-x64-1.0.0-rc.7.tgz#91238cc504d930a9202b85568fadf24ddfc0343a"
  integrity sha512-eZFjbmrapCBVgMmuLALH3pmQQQStHFuRhsFceJHk6KISW8CkI2e9OPLp9V4qXksrySQcD8XM8fpvGLs5l5C7LQ==

"@rolldown/binding-freebsd-x64@1.0.0-rc.7":
  version "1.0.0-rc.7"
  resolved "https://registry.yarnpkg.com/@rolldown/binding-freebsd-x64/-/binding-freebsd-x64-1.0.0-rc.7.tgz#69ba642fdb553f65a5edf3f649d9a1eae0945d1c"
  integrity sha512-xjMrh8Dmu2DNwdY6DZsrF6YPGeesc3PaTlkh8v9cqmkSCNeTxnhX3ErhVnuv1j3n8t2IuuhQIwM9eZDINNEt5Q==

"@rolldown/binding-linux-arm-gnueabihf@1.0.0-rc.7":
  version "1.0.0-rc.7"
  resolved "https://registry.yarnpkg.com/@rolldown/binding-linux-arm-gnueabihf/-/binding-linux-arm-gnueabihf-1.0.0-rc.7.tgz#70b1470961139744eee9c07b997e467d743e7c01"
  integrity sha512-mOvftrHiXg4/xFdxJY3T9Wl1/zDAOSlMN8z9an2bXsCwuvv3RdyhYbSMZDuDO52S04w9z7+cBd90lvQSPTAQtw==

"@rolldown/binding-linux-arm64-gnu@1.0.0-rc.7":
  version "1.0.0-rc.7"
  resolved "https://registry.yarnpkg.com/@rolldown/binding-linux-arm64-gnu/-/binding-linux-arm64-gnu-1.0.0-rc.7.tgz#d8c850becdae1eab8fdbbe2be817e5e8e250a136"
  integrity sha512-TuUkeuEEPRyXMBbJ86NRhAiPNezxHW8merl3Om2HASA9Pl1rI+VZcTtsVQ6v/P0MDIFpSl0k0+tUUze9HIXyEw==

"@rolldown/binding-linux-arm64-musl@1.0.0-rc.7":
  version "1.0.0-rc.7"
  resolved "https://registry.yarnpkg.com/@rolldown/binding-linux-arm64-musl/-/binding-linux-arm64-musl-1.0.0-rc.7.tgz#6c24c3bc6aa8a49430ef4ad103c6b2d361e22f6e"
  integrity sha512-G43ZElEvaby+YSOgrXfBgpeQv42LdS0ivFFYQufk2tBDWeBfzE/+ob5DmO8Izbyn4Y8k6GgLF11jFDYNnmU/3w==

"@rolldown/binding-linux-ppc64-gnu@1.0.0-rc.7":
  version "1.0.0-rc.7"
  resolved "https://registry.yarnpkg.com/@rolldown/binding-linux-ppc64-gnu/-/binding-linux-ppc64-gnu-1.0.0-rc.7.tgz#17db0547bfd496516feca9f1230bfef02bfd7cff"
  integrity sha512-Y48ShVxGE2zUTt0A0PR3grCLNxW4DWtAfe5lxf6L3uYEQujwo/LGuRogMsAtOJeYLCPTJo2i714LOdnK34cHpw==

"@rolldown/binding-linux-s390x-gnu@1.0.0-rc.7":
  version "1.0.0-rc.7"
  resolved "https://registry.yarnpkg.com/@rolldown/binding-linux-s390x-gnu/-/binding-linux-s390x-gnu-1.0.0-rc.7.tgz#3a926107ef765f48d881550db15308bbe6fcc2cf"
  integrity sha512-KU5DUYvX3qI8/TX6D3RA4awXi4Ge/1+M6Jqv7kRiUndpqoVGgD765xhV3Q6QvtABnYjLJenrWDl3S1B5U56ixA==

"@rolldown/binding-linux-x64-gnu@1.0.0-rc.7":
  version "1.0.0-rc.7"
  resolved "https://registry.yarnpkg.com/@rolldown/binding-linux-x64-gnu/-/binding-linux-x64-gnu-1.0.0-rc.7.tgz#0c5318a2628487cb27a30bf82ef410815f08ed25"
  integrity sha512-1THb6FdBkAEL12zvUue2bmK4W1+P+tz8Pgu5uEzq+xrtYa3iBzmmKNlyfUzCFNCqsPd8WJEQrYdLcw4iMW4AVw==

"@rolldown/binding-linux-x64-musl@1.0.0-rc.7":
  version "1.0.0-rc.7"
  resolved "https://registry.yarnpkg.com/@rolldown/binding-linux-x64-musl/-/binding-linux-x64-musl-1.0.0-rc.7.tgz#070dcc9f2d3cf37fc0cc4cb73b1ce586a1561fc9"
  integrity sha512-12o73atFNWDgYnLyA52QEUn9AH8pHIe12W28cmqjyHt4bIEYRzMICvYVCPa2IQm6DJBvCBrEhD9K+ct4wr2hwg==

"@rolldown/binding-openharmony-arm64@1.0.0-rc.7":
  version "1.0.0-rc.7"
  resolved "https://registry.yarnpkg.com/@rolldown/binding-openharmony-arm64/-/binding-openharmony-arm64-1.0.0-rc.7.tgz#27208be5dab452a87f3235411bcdbcec611e97cc"
  integrity sha512-+uUgGwvuUCXl894MTsmTS2J0BnCZccFsmzV7y1jFxW5pTSxkuwL5agyPuDvDOztPeS6RrdqWkn7sT0jRd0ECkg==

"@rolldown/binding-wasm32-wasi@1.0.0-rc.7":
  version "1.0.0-rc.7"
  resolved "https://registry.yarnpkg.com/@rolldown/binding-wasm32-wasi/-/binding-wasm32-wasi-1.0.0-rc.7.tgz#ecd13b4b126d1e80e7e05e73d9373a76b79bff1b"
  integrity sha512-53p2L/NSy21UiFOqUGlC11kJDZS2Nx2GJRz1QvbkXovypA3cOHbsyZHLkV72JsLSbiEQe+kg4tndUhSiC31UEA==
  dependencies:
    "@napi-rs/wasm-runtime" "^1.1.1"

"@rolldown/binding-win32-arm64-msvc@1.0.0-rc.7":
  version "1.0.0-rc.7"
  resolved "https://registry.yarnpkg.com/@rolldown/binding-win32-arm64-msvc/-/binding-win32-arm64-msvc-1.0.0-rc.7.tgz#e77b9af01120c3de93bb4ee395d80f4c439586b5"
  integrity sha512-K6svNRljO6QrL6VTKxwh4yThhlR9DT/tK0XpaFQMnJwwQKng+NYcVEtUkAM0WsoiZHw+Hnh3DGnn3taf/pNYGg==

"@rolldown/binding-win32-x64-msvc@1.0.0-rc.7":
  version "1.0.0-rc.7"
  resolved "https://registry.yarnpkg.com/@rolldown/binding-win32-x64-msvc/-/binding-win32-x64-msvc-1.0.0-rc.7.tgz#8ebb56af3f45fcc5a9e9510afff2d3d3b8f3ff64"
  integrity sha512-3ZJBT47VWLKVKIyvHhUSUgVwHzzZW761YAIkM3tOT+8ZTjFVp0acCM0Y2Z2j3jCl+XYi2d9y2uEWQ8H0PvvpPw==

"@rolldown/pluginutils@1.0.0-rc.7":
  version "1.0.0-rc.7"
  resolved "https://registry.yarnpkg.com/@rolldown/pluginutils/-/pluginutils-1.0.0-rc.7.tgz#0414869467f0e471a6515d4f506c85fde867e022"
  integrity sha512-qujRfC8sFVInYSPPMLQByRh7zhwkGFS4+tyMQ83srV1qrxL4g8E2tyxVVyxd0+8QeBM1mIk9KbWxkegRr76XzA==

"@tybys/wasm-util@^0.10.1":
  version "0.10.1"
  resolved "https://registry.yarnpkg.com/@tybys/wasm-util/-/wasm-util-0.10.1.tgz#ecddd3205cf1e2d5274649ff0eedd2991ed7f414"
  integrity sha512-9tTaPJLSiejZKx+Bmog4uSubteqTvFrVrURwkmHixBo0G4seD0zUxp98E1DzUBJxLQ3NPwXrGKDiVjwx/DpPsg==
  dependencies:
    tslib "^2.4.0"

"@types/estree@^1.0.0":
  version "1.0.8"
  resolved "https://registry.yarnpkg.com/@types/estree/-/estree-1.0.8.tgz#958b91c991b1867ced318bedea0e215ee050726e"
  integrity sha512-dWHzHa2WqEXI/O1E9OjrocMTKJl2mSrEolh1Iomrv6U+JuNwaHXsXx9bLu5gG7BUWFIN0skIQJQ/L1rIex4X6w==

"@types/jsesc@^2.5.0":
  version "2.5.1"
  resolved "https://registry.yarnpkg.com/@types/jsesc/-/jsesc-2.5.1.tgz#c34defc608ec94b68dc6a12a581b440942c6d503"
  integrity sha512-9VN+6yxLOPLOav+7PwjZbxiID2bVaeq0ED4qSQmdQTdjnXJSaCVKTR58t15oqH1H5t8Ng2ZX1SabJVoN9Q34bw==

"@types/node@^25.2.0":
  version "25.2.0"
  resolved "https://registry.yarnpkg.com/@types/node/-/node-25.2.0.tgz#015b7d228470c1dcbfc17fe9c63039d216b4d782"
  integrity sha512-DZ8VwRFUNzuqJ5khrvwMXHmvPe+zGayJhr2CDNiKB1WBE1ST8Djl00D0IC4vvNmHMdj6DlbYRIaFE7WHjlDl5w==
  dependencies:
    undici-types "~7.16.0"

ansis@^4.2.0:
  version "4.2.0"
  resolved "https://registry.yarnpkg.com/ansis/-/ansis-4.2.0.tgz#2e6e61c46b11726ac67f78785385618b9e658780"
  integrity sha512-HqZ5rWlFjGiV0tDm3UxxgNRqsOTniqoKZu0pIAfh7TZQMGuZK+hH0drySty0si0QXj1ieop4+SkSfPZBPPkHig==

ast-kit@^3.0.0-beta.1:
  version "3.0.0-beta.1"
  resolved "https://registry.yarnpkg.com/ast-kit/-/ast-kit-3.0.0-beta.1.tgz#01d376df5d532532d6300a45ec28c53f5f56fe08"
  integrity sha512-trmleAnZ2PxN/loHWVhhx1qeOHSRXq4TDsBBxq3GqeJitfk3+jTQ+v/C1km/KYq9M7wKqCewMh+/NAvVH7m+bw==
  dependencies:
    "@babel/parser" "^8.0.0-beta.4"
    estree-walker "^3.0.3"
    pathe "^2.0.3"

birpc@^4.0.0:
  version "4.0.0"
  resolved "https://registry.yarnpkg.com/birpc/-/birpc-4.0.0.tgz#cceef485926b93496735201896d86c3a182ad30f"
  integrity sha512-LShSxJP0KTmd101b6DRyGBj57LZxSDYWKitQNW/mi8GRMvZb078Uf9+pveax1DrVL89vm7mWe+TovdI/UDOuPw==

cac@^7.0.0:
  version "7.0.0"
  resolved "https://registry.yarnpkg.com/cac/-/cac-7.0.0.tgz#7dda83da2268f75f840ab89ac3bcc36c120a78da"
  integrity sha512-tixWYgm5ZoOD+3g6UTea91eow5z6AAHaho3g0V9CNSNb45gM8SmflpAc+GRd1InC4AqN/07Unrgp56Y94N9hJQ==

defu@^6.1.4:
  version "6.1.4"
  resolved "https://registry.yarnpkg.com/defu/-/defu-6.1.4.tgz#4e0c9cf9ff68fe5f3d7f2765cc1a012dfdcb0479"
  integrity sha512-mEQCMmwJu317oSz8CwdIOdwf3xMif1ttiM8LTufzc3g6kR+9Pe236twL8j3IYT1F7GfRgGcW6MWxzZjLIkuHIg==

dts-resolver@^2.1.3:
  version "2.1.3"
  resolved "https://registry.yarnpkg.com/dts-resolver/-/dts-resolver-2.1.3.tgz#b930b38fcb2f3dab3b55cb4ac73658c9a5fc0a41"
  integrity sha512-bihc7jPC90VrosXNzK0LTE2cuLP6jr0Ro8jk+kMugHReJVLIpHz/xadeq3MhuwyO4TD4OA3L1Q8pBBFRc08Tsw==

empathic@^2.0.0:
  version "2.0.0"
  resolved "https://registry.yarnpkg.com/empathic/-/empathic-2.0.0.tgz#71d3c2b94fad49532ef98a6c34be0386659f6131"
  integrity sha512-i6UzDscO/XfAcNYD75CfICkmfLedpyPDdozrLMmQc5ORaQcdMoc21OnlEylMIqI7U8eniKrPMxxtj8k0vhmJhA==

esbuild@~0.27.0:
  version "0.27.7"
  resolved "https://registry.yarnpkg.com/esbuild/-/esbuild-0.27.7.tgz#bcadce22b2f3fd76f257e3a64f83a64986fea11f"
  integrity sha512-IxpibTjyVnmrIQo5aqNpCgoACA/dTKLTlhMHihVHhdkxKyPO1uBBthumT0rdHmcsk9uMonIWS0m4FljWzILh3w==
  optionalDependencies:
    "@esbuild/aix-ppc64" "0.27.7"
    "@esbuild/android-arm" "0.27.7"
    "@esbuild/android-arm64" "0.27.7"
    "@esbuild/android-x64" "0.27.7"
    "@esbuild/darwin-arm64" "0.27.7"
    "@esbuild/darwin-x64" "0.27.7"
    "@esbuild/freebsd-arm64" "0.27.7"
    "@esbuild/freebsd-x64" "0.27.7"
    "@esbuild/linux-arm" "0.27.7"
    "@esbuild/linux-arm64" "0.27.7"
    "@esbuild/linux-ia32" "0.27.7"
    "@esbuild/linux-loong64" "0.27.7"
    "@esbuild/linux-mips64el" "0.27.7"
    "@esbuild/linux-ppc64" "0.27.7"
    "@esbuild/linux-riscv64" "0.27.7"
    "@esbuild/linux-s390x" "0.27.7"
    "@esbuild/linux-x64" "0.27.7"
    "@esbuild/netbsd-arm64" "0.27.7"
    "@esbuild/netbsd-x64" "0.27.7"
    "@esbuild/openbsd-arm64" "0.27.7"
    "@esbuild/openbsd-x64" "0.27.7"
    "@esbuild/openharmony-arm64" "0.27.7"
    "@esbuild/sunos-x64" "0.27.7"
    "@esbuild/win32-arm64" "0.27.7"
    "@esbuild/win32-ia32" "0.27.7"
    "@esbuild/win32-x64" "0.27.7"

estree-walker@^3.0.3:
  version "3.0.3"
  resolved "https://registry.yarnpkg.com/estree-walker/-/estree-walker-3.0.3.tgz#67c3e549ec402a487b4fc193d1953a524752340d"
  integrity sha512-7RUKfXgSMMkzt6ZuXmqapOurLGPPfgj6l9uRZ7lRGolvk0y2yocc35LdcxKC5PQZdn2DMqioAQ2NoWcrTKmm6g==
  dependencies:
    "@types/estree" "^1.0.0"

fdir@^6.5.0:
  version "6.5.0"
  resolved "https://registry.yarnpkg.com/fdir/-/fdir-6.5.0.tgz#ed2ab967a331ade62f18d077dae192684d50d350"
  integrity sha512-tIbYtZbucOs0BRGqPJkshJUYdL+SDH7dVM8gjy+ERp3WAUjLEFJE+02kanyHtwjWOnwrKYBiwAmM0p4kLJAnXg==

fsevents@~2.3.3:
  version "2.3.3"
  resolved "https://registry.yarnpkg.com/fsevents/-/fsevents-2.3.3.tgz#cac6407785d03675a2a5e1a5305c697b347d90d6"
  integrity sha512-5xoDfX+fL7faATnagmWPpbFtwh/R77WmMMqqHGS65C3vvB0YHrgF+B1YmZ3441tMj5n63k0212XNoJwzlhffQw==

get-tsconfig@^4.13.6:
  version "4.13.6"
  resolved "https://registry.yarnpkg.com/get-tsconfig/-/get-tsconfig-4.13.6.tgz#2fbfda558a98a691a798f123afd95915badce876"
  integrity sha512-shZT/QMiSHc/YBLxxOkMtgSid5HFoauqCE3/exfsEcwg1WkeqjG+V40yBbBrsD+jW2HDXcs28xOfcbm2jI8Ddw==
  dependencies:
    resolve-pkg-maps "^1.0.0"

get-tsconfig@^4.7.5:
  version "4.13.7"
  resolved "https://registry.yarnpkg.com/get-tsconfig/-/get-tsconfig-4.13.7.tgz#b9d8b199b06033ceeea1a93df7ea5765415089bc"
  integrity sha512-7tN6rFgBlMgpBML5j8typ92BKFi2sFQvIdpAqLA2beia5avZDrMs0FLZiM5etShWq5irVyGcGMEA1jcDaK7A/Q==
  dependencies:
    resolve-pkg-maps "^1.0.0"

hookable@^6.0.1:
  version "6.0.1"
  resolved "https://registry.yarnpkg.com/hookable/-/hookable-6.0.1.tgz#be950f1b8ef38af24d4354657e9e3590d2a5b5e6"
  integrity sha512-uKGyY8BuzN/a5gvzvA+3FVWo0+wUjgtfSdnmjtrOVwQCZPHpHDH2WRO3VZSOeluYrHoDCiXFffZXs8Dj1ULWtw==

import-without-cache@^0.2.5:
  version "0.2.5"
  resolved "https://registry.yarnpkg.com/import-without-cache/-/import-without-cache-0.2.5.tgz#45f2699fa151716602ca67ebf94f3f0c50e92edc"
  integrity sha512-B6Lc2s6yApwnD2/pMzFh/d5AVjdsDXjgkeJ766FmFuJELIGHNycKRj+l3A39yZPM4CchqNCB4RITEAYB1KUM6A==

jsesc@^3.0.2:
  version "3.1.0"
  resolved "https://registry.yarnpkg.com/jsesc/-/jsesc-3.1.0.tgz#74d335a234f67ed19907fdadfac7ccf9d409825d"
  integrity sha512-/sM3dO2FOzXjKQhJuo0Q173wf2KOo8t4I8vHy6lF9poUp7bKT0/NHE8fPX23PwfhnykfqnC2xRxOnVw5XuGIaA==

obug@^2.1.1:
  version "2.1.1"
  resolved "https://registry.yarnpkg.com/obug/-/obug-2.1.1.tgz#2cba74ff241beb77d63055ddf4cd1e9f90b538be"
  integrity sha512-uTqF9MuPraAQ+IsnPf366RG4cP9RtUi7MLO1N3KEc+wb0a6yKpeL0lmk2IB1jY5KHPAlTc6T/JRdC/YqxHNwkQ==

oxfmt@^0.45.0:
  version "0.45.0"
  resolved "https://registry.yarnpkg.com/oxfmt/-/oxfmt-0.45.0.tgz#8e959aa9e8b863ab02adf5c947bbe18eaf7ea282"
  integrity sha512-0o/COoN9fY50bjVeM7PQsNgbhndKurBIeTIcspW033OumksjJJmIVDKjAk5HMwU/GHTxSOdGDdhJ6BRzGPmsHg==
  dependencies:
    tinypool "2.1.0"
  optionalDependencies:
    "@oxfmt/binding-android-arm-eabi" "0.45.0"
    "@oxfmt/binding-android-arm64" "0.45.0"
    "@oxfmt/binding-darwin-arm64" "0.45.0"
    "@oxfmt/binding-darwin-x64" "0.45.0"
    "@oxfmt/binding-freebsd-x64" "0.45.0"
    "@oxfmt/binding-linux-arm-gnueabihf" "0.45.0"
    "@oxfmt/binding-linux-arm-musleabihf" "0.45.0"
    "@oxfmt/binding-linux-arm64-gnu" "0.45.0"
    "@oxfmt/binding-linux-arm64-musl" "0.45.0"
    "@oxfmt/binding-linux-ppc64-gnu" "0.45.0"
    "@oxfmt/binding-linux-riscv64-gnu" "0.45.0"
    "@oxfmt/binding-linux-riscv64-musl" "0.45.0"
    "@oxfmt/binding-linux-s390x-gnu" "0.45.0"
    "@oxfmt/binding-linux-x64-gnu" "0.45.0"
    "@oxfmt/binding-linux-x64-musl" "0.45.0"
    "@oxfmt/binding-openharmony-arm64" "0.45.0"
    "@oxfmt/binding-win32-arm64-msvc" "0.45.0"
    "@oxfmt/binding-win32-ia32-msvc" "0.45.0"
    "@oxfmt/binding-win32-x64-msvc" "0.45.0"

oxlint-tsgolint@^0.20.0:
  version "0.20.0"
  resolved "https://registry.yarnpkg.com/oxlint-tsgolint/-/oxlint-tsgolint-0.20.0.tgz#e011319219faa572faf340c40d65708404b37e10"
  integrity sha512-/Uc9TQyN1l8w9QNvXtVHYtz+SzDJHKpb5X0UnHodl0BVzijUPk0LPlDOHAvogd1UI+iy9ZSF6gQxEqfzUxCULQ==
  optionalDependencies:
    "@oxlint-tsgolint/darwin-arm64" "0.20.0"
    "@oxlint-tsgolint/darwin-x64" "0.20.0"
    "@oxlint-tsgolint/linux-arm64" "0.20.0"
    "@oxlint-tsgolint/linux-x64" "0.20.0"
    "@oxlint-tsgolint/win32-arm64" "0.20.0"
    "@oxlint-tsgolint/win32-x64" "0.20.0"

oxlint@^1.42.0:
  version "1.43.0"
  resolved "https://registry.yarnpkg.com/oxlint/-/oxlint-1.43.0.tgz#3fb066747248150efe22d6afaa5b57bd86392472"
  integrity sha512-xiqTCsKZch+R61DPCjyqUVP2MhkQlRRYxLRBeBDi+dtQJ90MOgdcjIktvDCgXz0bgtx94EQzHEndsizZjMX2OA==
  optionalDependencies:
    "@oxlint/darwin-arm64" "1.43.0"
    "@oxlint/darwin-x64" "1.43.0"
    "@oxlint/linux-arm64-gnu" "1.43.0"
    "@oxlint/linux-arm64-musl" "1.43.0"
    "@oxlint/linux-x64-gnu" "1.43.0"
    "@oxlint/linux-x64-musl" "1.43.0"
    "@oxlint/win32-arm64" "1.43.0"
    "@oxlint/win32-x64" "1.43.0"

pathe@^2.0.3:
  version "2.0.3"
  resolved "https://registry.yarnpkg.com/pathe/-/pathe-2.0.3.tgz#3ecbec55421685b70a9da872b2cff3e1cbed1716"
  integrity sha512-WUjGcAqP1gQacoQe+OBJsFA7Ld4DyXuUIjZ5cc75cLHvJ7dtNsTugphxIADwspS+AraAUePCKrSVtPLFj/F88w==

picomatch@^4.0.3:
  version "4.0.3"
  resolved "https://registry.yarnpkg.com/picomatch/-/picomatch-4.0.3.tgz#796c76136d1eead715db1e7bad785dedd695a042"
  integrity sha512-5gTmgEY/sqK6gFXLIsQNH19lWb4ebPDLA4SdLP7dsWkIXHWlG66oPuVvXSGFPppYZz8ZDZq0dYYrbHfBCVUb1Q==

quansync@^1.0.0:
  version "1.0.0"
  resolved "https://registry.yarnpkg.com/quansync/-/quansync-1.0.0.tgz#1c29acccd544cd68d97a7350c5099e0a9bc7e5ee"
  integrity sha512-5xZacEEufv3HSTPQuchrvV6soaiACMFnq1H8wkVioctoH3TRha9Sz66lOxRwPK/qZj7HPiSveih9yAyh98gvqA==

resolve-pkg-maps@^1.0.0:
  version "1.0.0"
  resolved "https://registry.yarnpkg.com/resolve-pkg-maps/-/resolve-pkg-maps-1.0.0.tgz#616b3dc2c57056b5588c31cdf4b3d64db133720f"
  integrity sha512-seS2Tj26TBVOC2NIc2rOe2y2ZO7efxITtLZcGSOnHHNOQ7CkiUBfw0Iw2ck6xkIhPwLhKNLS8BO+hEpngQlqzw==

rolldown-plugin-dts@^0.22.3:
  version "0.22.4"
  resolved "https://registry.yarnpkg.com/rolldown-plugin-dts/-/rolldown-plugin-dts-0.22.4.tgz#0fc6d7b5f2ec9d863a94f58dc43376d426d2a596"
  integrity sha512-pueqTPyN1N6lWYivyDGad+j+GO3DT67pzpct8s8e6KGVIezvnrDjejuw1AXFeyDRas3xTq4Ja6Lj5R5/04C5GQ==
  dependencies:
    "@babel/generator" "8.0.0-rc.2"
    "@babel/helper-validator-identifier" "8.0.0-rc.2"
    "@babel/parser" "8.0.0-rc.2"
    "@babel/types" "8.0.0-rc.2"
    ast-kit "^3.0.0-beta.1"
    birpc "^4.0.0"
    dts-resolver "^2.1.3"
    get-tsconfig "^4.13.6"
    obug "^2.1.1"

rolldown@1.0.0-rc.7:
  version "1.0.0-rc.7"
  resolved "https://registry.yarnpkg.com/rolldown/-/rolldown-1.0.0-rc.7.tgz#75441bff3e02d61ad2239a95b538b78a5fc39afa"
  integrity sha512-5X0zEeQFzDpB3MqUWQZyO2TUQqP9VnT7CqXHF2laTFRy487+b6QZyotCazOySAuZLAvplCaOVsg1tVn/Zlmwfg==
  dependencies:
    "@oxc-project/types" "=0.115.0"
    "@rolldown/pluginutils" "1.0.0-rc.7"
  optionalDependencies:
    "@rolldown/binding-android-arm64" "1.0.0-rc.7"
    "@rolldown/binding-darwin-arm64" "1.0.0-rc.7"
    "@rolldown/binding-darwin-x64" "1.0.0-rc.7"
    "@rolldown/binding-freebsd-x64" "1.0.0-rc.7"
    "@rolldown/binding-linux-arm-gnueabihf" "1.0.0-rc.7"
    "@rolldown/binding-linux-arm64-gnu" "1.0.0-rc.7"
    "@rolldown/binding-linux-arm64-musl" "1.0.0-rc.7"
    "@rolldown/binding-linux-ppc64-gnu" "1.0.0-rc.7"
    "@rolldown/binding-linux-s390x-gnu" "1.0.0-rc.7"
    "@rolldown/binding-linux-x64-gnu" "1.0.0-rc.7"
    "@rolldown/binding-linux-x64-musl" "1.0.0-rc.7"
    "@rolldown/binding-openharmony-arm64" "1.0.0-rc.7"
    "@rolldown/binding-wasm32-wasi" "1.0.0-rc.7"
    "@rolldown/binding-win32-arm64-msvc" "1.0.0-rc.7"
    "@rolldown/binding-win32-x64-msvc" "1.0.0-rc.7"

semver@^7.7.4:
  version "7.7.4"
  resolved "https://registry.yarnpkg.com/semver/-/semver-7.7.4.tgz#28464e36060e991fa7a11d0279d2d3f3b57a7e8a"
  integrity sha512-vFKC2IEtQnVhpT78h1Yp8wzwrf8CM+MzKMHGJZfBtzhZNycRFnXsHk6E5TxIkkMsgNS7mdX3AGB7x2QM2di4lA==

tinyexec@^1.0.2:
  version "1.0.2"
  resolved "https://registry.yarnpkg.com/tinyexec/-/tinyexec-1.0.2.tgz#bdd2737fe2ba40bd6f918ae26642f264b99ca251"
  integrity sha512-W/KYk+NFhkmsYpuHq5JykngiOCnxeVL8v8dFnqxSD8qEEdRfXk1SDM6JzNqcERbcGYj9tMrDQBYV9cjgnunFIg==

tinyglobby@^0.2.15:
  version "0.2.15"
  resolved "https://registry.yarnpkg.com/tinyglobby/-/tinyglobby-0.2.15.tgz#e228dd1e638cea993d2fdb4fcd2d4602a79951c2"
  integrity sha512-j2Zq4NyQYG5XMST4cbs02Ak8iJUdxRM0XI5QyxXuZOzKOINmWurp3smXu3y5wDcJrptwpSjgXHzIQxR0omXljQ==
  dependencies:
    fdir "^6.5.0"
    picomatch "^4.0.3"

tinypool@2.1.0:
  version "2.1.0"
  resolved "https://registry.yarnpkg.com/tinypool/-/tinypool-2.1.0.tgz#303a671d6ef68d03c9512cdc9a47c86b8a85f20c"
  integrity sha512-Pugqs6M0m7Lv1I7FtxN4aoyToKg1C4tu+/381vH35y8oENM/Ai7f7C4StcoK4/+BSw9ebcS8jRiVrORFKCALLw==

tree-kill@^1.2.2:
  version "1.2.2"
  resolved "https://registry.yarnpkg.com/tree-kill/-/tree-kill-1.2.2.tgz#4ca09a9092c88b73a7cdc5e8a01b507b0790a0cc"
  integrity sha512-L0Orpi8qGpRG//Nd+H90vFB+3iHnue1zSSGmNOOCh1GLJ7rUKVwV2HvijphGQS2UmhUZewS9VgvxYIdgr+fG1A==

tsdown@^0.21.0:
  version "0.21.0"
  resolved "https://registry.yarnpkg.com/tsdown/-/tsdown-0.21.0.tgz#02385cdf34c863cc1621368bebe1e95c770fb9a7"
  integrity sha512-Sw/ehzVhjYLD7HVBPybJHDxpcaeyFjPcaDCME23o9O4fyuEl6ibYEdrnB8W8UchYAGoayKqzWQqx/oIp3jn/Vg==
  dependencies:
    ansis "^4.2.0"
    cac "^7.0.0"
    defu "^6.1.4"
    empathic "^2.0.0"
    hookable "^6.0.1"
    import-without-cache "^0.2.5"
    obug "^2.1.1"
    picomatch "^4.0.3"
    rolldown "1.0.0-rc.7"
    rolldown-plugin-dts "^0.22.3"
    semver "^7.7.4"
    tinyexec "^1.0.2"
    tinyglobby "^0.2.15"
    tree-kill "^1.2.2"
    unconfig-core "^7.5.0"
    unrun "^0.2.29"

tslib@^2.4.0:
  version "2.8.1"
  resolved "https://registry.yarnpkg.com/tslib/-/tslib-2.8.1.tgz#612efe4ed235d567e8aba5f2a5fab70280ade83f"
  integrity sha512-oJFu94HQb+KVduSUQL7wnpmqnfmLsOA/nAh6b6EH0wCEoK0/mPeXU6c3wKDV83MkOuHPRHtSXKKU99IBazS/2w==

tsx@^4.21.0:
  version "4.21.0"
  resolved "https://registry.yarnpkg.com/tsx/-/tsx-4.21.0.tgz#32aa6cf17481e336f756195e6fe04dae3e6308b1"
  integrity sha512-5C1sg4USs1lfG0GFb2RLXsdpXqBSEhAaA/0kPL01wxzpMqLILNxIxIOKiILz+cdg/pLnOUxFYOR5yhHU666wbw==
  dependencies:
    esbuild "~0.27.0"
    get-tsconfig "^4.7.5"
  optionalDependencies:
    fsevents "~2.3.3"

typescript@^6.0.2:
  version "6.0.2"
  resolved "https://registry.yarnpkg.com/typescript/-/typescript-6.0.2.tgz#0b1bfb15f68c64b97032f3d78abbf98bdbba501f"
  integrity sha512-bGdAIrZ0wiGDo5l8c++HWtbaNCWTS4UTv7RaTH/ThVIgjkveJt83m74bBHMJkuCbslY8ixgLBVZJIOiQlQTjfQ==

unconfig-core@^7.5.0:
  version "7.5.0"
  resolved "https://registry.yarnpkg.com/unconfig-core/-/unconfig-core-7.5.0.tgz#68f3d000701288418f3d36203d886f38c3986677"
  integrity sha512-Su3FauozOGP44ZmKdHy2oE6LPjk51M/TRRjHv2HNCWiDvfvCoxC2lno6jevMA91MYAdCdwP05QnWdWpSbncX/w==
  dependencies:
    "@quansync/fs" "^1.0.0"
    quansync "^1.0.0"

undici-types@~7.16.0:
  version "7.16.0"
  resolved "https://registry.yarnpkg.com/undici-types/-/undici-types-7.16.0.tgz#ffccdff36aea4884cbfce9a750a0580224f58a46"
  integrity sha512-Zz+aZWSj8LE6zoxD+xrjh4VfkIG8Ya6LvYkZqtUQGJPZjYl53ypCaUwWqo7eI0x66KBGeRo+mlBEkMSeSZ38Nw==

unrun@^0.2.29:
  version "0.2.30"
  resolved "https://registry.yarnpkg.com/unrun/-/unrun-0.2.30.tgz#117b8a73951fc2c79eed292211aca61a659eb5dd"
  integrity sha512-a4W1wDADI0gvDDr14T0ho1FgMhmfjq6M8Iz8q234EnlxgH/9cMHDueUSLwTl1fwSBs5+mHrLFYH+7B8ao36EBA==
  dependencies:
    rolldown "1.0.0-rc.7"
