# THIS IS AN AUTOGENERATED FILE. DO NOT EDIT THIS FILE DIRECTLY.
# yarn lockfile v1


"@figliolia/child-process@^1.0.1", "@figliolia/child-process@^1.0.4":
  version "1.0.4"
  resolved "https://registry.yarnpkg.com/@figliolia/child-process/-/child-process-1.0.4.tgz#5337c847f43a08ff9e1124793fa650f746515da5"
  integrity sha512-midiGoIu0pO9q+T607iYFSsEFSg6XlWJ7REaGcX/mCuxgrr8hudGSPz4OzyXznVUlp1UwaVTjfgYHlSUxuaJXg==

"@figliolia/ts-packager@^1.2.4":
  version "1.2.4"
  resolved "https://registry.yarnpkg.com/@figliolia/ts-packager/-/ts-packager-1.2.4.tgz#3d67a559e14e37424c4795b4cff7e7fcdd43a001"
  integrity sha512-l17BmGly8e6hFiCFWYoqYATJZgZdk/FDSdQZZm61h9/7RQuvoF5oxvhPqLdNZuTPDdBfHKd9SEpnwRDOOEGw8Q==
  dependencies:
    "@figliolia/child-process" "^1.0.1"
    chalk "^4.1.2"
    tsc-esm-fix "^3.0.2"

"@nodelib/fs.scandir@2.1.5":
  version "2.1.5"
  resolved "https://registry.yarnpkg.com/@nodelib/fs.scandir/-/fs.scandir-2.1.5.tgz#7619c2eb21b25483f6d167548b4cfd5a7488c3d5"
  integrity sha512-vq24Bq3ym5HEQm2NKCr3yXDwjc7vTsEThRDnkp2DK9p1uqLR+DHurm/NOTo0KG7HYHU7eppKZj3MyqYuMBf62g==
  dependencies:
    "@nodelib/fs.stat" "2.0.5"
    run-parallel "^1.1.9"

"@nodelib/fs.stat@2.0.5", "@nodelib/fs.stat@^2.0.2":
  version "2.0.5"
  resolved "https://registry.yarnpkg.com/@nodelib/fs.stat/-/fs.stat-2.0.5.tgz#5bd262af94e9d25bd1e71b05deed44876a222e8b"
  integrity sha512-RkhPPp2zrqDAQA/2jNhnztcPAlv64XdhIp7a7454A5ovI7Bukxgt7MX7udwAu3zg1DcpPU0rz3VV1SeaqvY4+A==

"@nodelib/fs.walk@^1.2.3":
  version "1.2.8"
  resolved "https://registry.yarnpkg.com/@nodelib/fs.walk/-/fs.walk-1.2.8.tgz#e95737e8bb6746ddedf69c556953494f196fe69a"
  integrity sha512-oGB+UxlgWcgQkgwo8GcEGwemoTFt3FIO9ababBmaGwXIoBKZ+GTy0pP185beGg7Llih/NSHSV2XAs1lnznocSg==
  dependencies:
    "@nodelib/fs.scandir" "2.1.5"
    fastq "^1.6.0"

"@oxfmt/darwin-arm64@0.27.0":
  version "0.27.0"
  resolved "https://registry.yarnpkg.com/@oxfmt/darwin-arm64/-/darwin-arm64-0.27.0.tgz#1a79b1bcc28b423cdbe02aec621be35e4c77cec5"
  integrity sha512-3vwqyzNlVTVFVzHMlrqxb4tgVgHp6FYS0uIxsIZ/SeEDG0azaqiOw/2t8LlJ9f72PKRLWSey+Ak99tiKgpbsnQ==

"@oxfmt/darwin-x64@0.27.0":
  version "0.27.0"
  resolved "https://registry.yarnpkg.com/@oxfmt/darwin-x64/-/darwin-x64-0.27.0.tgz#1490b2f165a7a23d5ba85c3266424f7cac94e19b"
  integrity sha512-5u8mZVLm70v6l1wLZ2MmeNIEzGsruwKw5F7duePzpakPfxGtLpiFNUwe4aBUJULTP6aMzH+A4dA0JOn8lb7Luw==

"@oxfmt/linux-arm64-gnu@0.27.0":
  version "0.27.0"
  resolved "https://registry.yarnpkg.com/@oxfmt/linux-arm64-gnu/-/linux-arm64-gnu-0.27.0.tgz#9b13aa5f83ff1ec3b72bc456a901853cca85320e"
  integrity sha512-aql/LLYriX/5Ar7o5Qivnp/qMTUPNiOCr7cFLvmvzYZa3XL0H8XtbKUfIVm+9ILR0urXQzcml+L8pLe1p8sgEg==

"@oxfmt/linux-arm64-musl@0.27.0":
  version "0.27.0"
  resolved "https://registry.yarnpkg.com/@oxfmt/linux-arm64-musl/-/linux-arm64-musl-0.27.0.tgz#8d3be8a7a7fdaf4a85a7a27e8efef66997ba842a"
  integrity sha512-6u/kNb7hubthg4u/pn3MK/GJLwPgjDvDDnjjr7TC0/OK/xztef8ToXmycxIQ9OeDNIJJf7Z0Ss/rHnKvQOWzRw==

"@oxfmt/linux-x64-gnu@0.27.0":
  version "0.27.0"
  resolved "https://registry.yarnpkg.com/@oxfmt/linux-x64-gnu/-/linux-x64-gnu-0.27.0.tgz#2393da9bb02997ece5ec291ddd9d2f8ed969335f"
  integrity sha512-EhvDfFHO1yrK/Cu75eU1U828lBsW2cV0JITOrka5AjR3PlmnQQ03Mr9ROkWkbPmzAMklXI4Q16eO+4n+7FhS1w==

"@oxfmt/linux-x64-musl@0.27.0":
  version "0.27.0"
  resolved "https://registry.yarnpkg.com/@oxfmt/linux-x64-musl/-/linux-x64-musl-0.27.0.tgz#353cd0191fb8f0a5a997a8779aca99f5c70371e8"
  integrity sha512-1pgjuwMT5sCekuteYZ7LkDsto7DJouaccwjozHqdWohSj2zJpFeSP2rMaC+6JJ1KD5r9HG9sWRuHZGEaoX9uOw==

"@oxfmt/win32-arm64@0.27.0":
  version "0.27.0"
  resolved "https://registry.yarnpkg.com/@oxfmt/win32-arm64/-/win32-arm64-0.27.0.tgz#71bee7b0d9360a03204a5ff30dc0b89b03aabd38"
  integrity sha512-mmuEhXZEhAYAeyjVTWwGKIA3RSb2b/He9wrXkDJPhmqp8qISUzkVg1dQmLEt4hD+wI5rzR+6vchPt521tzuRDA==

"@oxfmt/win32-x64@0.27.0":
  version "0.27.0"
  resolved "https://registry.yarnpkg.com/@oxfmt/win32-x64/-/win32-x64-0.27.0.tgz#f5bd52c6b103b4feb16d3645014d13a17ccb9e34"
  integrity sha512-cXKVkL1DuRq31QjwHqtBEUztyBmM9YZKdeFhsDLBURNdk1CFW42uWsmTsaqrXSoiCj7nCjfP0pwTOzxhQZra/A==

"@oxlint-tsgolint/darwin-arm64@0.11.4":
  version "0.11.4"
  resolved "https://registry.yarnpkg.com/@oxlint-tsgolint/darwin-arm64/-/darwin-arm64-0.11.4.tgz#e4fdcd3fd9970e431401c83caab6570a3cc49701"
  integrity sha512-IhdhiC183s5wdFDZSQC8PaFFq1QROiVT5ahz7ysgEKVnkNDjy82ieM7ZKiUfm2ncXNX2RcFGSSZrQO6plR+VAQ==

"@oxlint-tsgolint/darwin-x64@0.11.4":
  version "0.11.4"
  resolved "https://registry.yarnpkg.com/@oxlint-tsgolint/darwin-x64/-/darwin-x64-0.11.4.tgz#cb8265c38d29ae1d4d961664983a20692898a2ed"
  integrity sha512-KJmBg10Z1uGpJqxDzETXOytYyeVrKUepo8rCXeVkRlZ2QzZqMElgalFN4BI3ccgIPkQpzzu4SVzWNFz7yiKavQ==

"@oxlint-tsgolint/linux-arm64@0.11.4":
  version "0.11.4"
  resolved "https://registry.yarnpkg.com/@oxlint-tsgolint/linux-arm64/-/linux-arm64-0.11.4.tgz#0eba39d6cae3f8b6ab75ec3c0d7488a0ee3aef2a"
  integrity sha512-P6I3dSSpoEnjFzTMlrbcBHNbErSxceZmcVUslBxrrIUH1NSVS1XfSz6S75vT2Gay7Jv6LI7zTTVAk4cSqkfe+w==

"@oxlint-tsgolint/linux-x64@0.11.4":
  version "0.11.4"
  resolved "https://registry.yarnpkg.com/@oxlint-tsgolint/linux-x64/-/linux-x64-0.11.4.tgz#dac610979c1aaaf197bfb4272d7ff1e2d2c97491"
  integrity sha512-G0eAW3S7cp/vP7Kx6e7+Ze7WfNgSt1tc/rOexfLKnnIi+9BelyOa2wF9bWFPpxk3n3AdkBwKttU1/adDZlD87Q==

"@oxlint-tsgolint/win32-arm64@0.11.4":
  version "0.11.4"
  resolved "https://registry.yarnpkg.com/@oxlint-tsgolint/win32-arm64/-/win32-arm64-0.11.4.tgz#57cbcd4e093a786f209c142c73b5e114986ec2e8"
  integrity sha512-prgQEBiwp4TAxarh6dYbVOKw6riRJ6hB49vDD6DxQlOZQky7xHQ9qTec5/rf0JTUZ16YaJ9YfHycbJS3QVpTYw==

"@oxlint-tsgolint/win32-x64@0.11.4":
  version "0.11.4"
  resolved "https://registry.yarnpkg.com/@oxlint-tsgolint/win32-x64/-/win32-x64-0.11.4.tgz#92cc48fe55560921d4d442c0f4433a9957adcd16"
  integrity sha512-5xXTzZIT/1meWMmS60Q+FYWvWncc6iTfC8tyQt7GDfPUoqQvE5WVgHm1QjDSJvxTD+6AHphpCqdhXq/KtxagRw==

"@oxlint/darwin-arm64@1.43.0":
  version "1.43.0"
  resolved "https://registry.yarnpkg.com/@oxlint/darwin-arm64/-/darwin-arm64-1.43.0.tgz#81c4b5eddd0d2b9eb9c974cee9bfb723578b9af6"
  integrity sha512-C/GhObv/pQZg34NOzB6Mk8x0wc9AKj8fXzJF8ZRKTsBPyHusC6AZ6bba0QG0TUufw1KWuD0j++oebQfWeiFXNw==

"@oxlint/darwin-x64@1.43.0":
  version "1.43.0"
  resolved "https://registry.yarnpkg.com/@oxlint/darwin-x64/-/darwin-x64-1.43.0.tgz#f83e3f8e012183fa42fc45f77e6213845c0eec7b"
  integrity sha512-4NjfUtEEH8ewRQ2KlZGmm6DyrvypMdHwBnQT92vD0dLScNOQzr0V9O8Ua4IWXdeCNl/XMVhAV3h4/3YEYern5A==

"@oxlint/linux-arm64-gnu@1.43.0":
  version "1.43.0"
  resolved "https://registry.yarnpkg.com/@oxlint/linux-arm64-gnu/-/linux-arm64-gnu-1.43.0.tgz#76b50fdb5584e487a96fb7f5bb271f6f95d69602"
  integrity sha512-75tf1HvwdZ3ebk83yMbSB+moAEWK98mYqpXiaFAi6Zshie7r+Cx5PLXZFUEqkscenoZ+fcNXakHxfn94V6nf1g==

"@oxlint/linux-arm64-musl@1.43.0":
  version "1.43.0"
  resolved "https://registry.yarnpkg.com/@oxlint/linux-arm64-musl/-/linux-arm64-musl-1.43.0.tgz#4d7483a16d9d342194bbe94fff22bb4d117d00b3"
  integrity sha512-BHV4fb36T2p/7bpA9fiJ5ayt7oJbiYX10nklW5arYp4l9/9yG/FQC5J4G1evzbJ/YbipF9UH0vYBAm5xbqGrvw==

"@oxlint/linux-x64-gnu@1.43.0":
  version "1.43.0"
  resolved "https://registry.yarnpkg.com/@oxlint/linux-x64-gnu/-/linux-x64-gnu-1.43.0.tgz#f779e3c8143212af75e1e73af9f27aef7016e1ef"
  integrity sha512-1l3nvnzWWse1YHibzZ4HQXdF/ibfbKZhp9IguElni3bBqEyPEyurzZ0ikWynDxKGXqZa+UNXTFuU1NRVX1RJ3g==

"@oxlint/linux-x64-musl@1.43.0":
  version "1.43.0"
  resolved "https://registry.yarnpkg.com/@oxlint/linux-x64-musl/-/linux-x64-musl-1.43.0.tgz#e91c835c582dc2e3eef2801d471b15a73edf30bf"
  integrity sha512-+jNYgLGRFTJxJuaSOZJBwlYo5M0TWRw0+3y5MHOL4ArrIdHyCthg6r4RbVWrsR1qUfUE1VSSHQ2bfbC99RXqMg==

"@oxlint/win32-arm64@1.43.0":
  version "1.43.0"
  resolved "https://registry.yarnpkg.com/@oxlint/win32-arm64/-/win32-arm64-1.43.0.tgz#053ff19ca99ca7f38c7dc46c93f3a06ee43d15a6"
  integrity sha512-dvs1C/HCjCyGTURMagiHprsOvVTT3omDiSzi5Qw0D4QFJ1pEaNlfBhVnOUYgUfS6O7Mcmj4+G+sidRsQcWQ/kA==

"@oxlint/win32-x64@1.43.0":
  version "1.43.0"
  resolved "https://registry.yarnpkg.com/@oxlint/win32-x64/-/win32-x64-1.43.0.tgz#93bf69af948c85f54163a25c07b600626562f72b"
  integrity sha512-bSuItSU8mTSDsvmmLTepTdCL2FkJI6dwt9tot/k0EmiYF+ArRzmsl4lXVLssJNRV5lJEc5IViyTrh7oiwrjUqA==

"@topoconfig/extends@^0.16.2":
  version "0.16.2"
  resolved "https://registry.yarnpkg.com/@topoconfig/extends/-/extends-0.16.2.tgz#0741dbe5198a28f306a116498f7ded1089d0fadc"
  integrity sha512-sTF+qpWakr5jf1Hn/kkFSi833xPW15s/loMAiKSYSSVv4vDonxf6hwCGzMXjLq+7HZoaK6BgaV72wXr1eY7FcQ==

"@types/node@^25.2.0":
  version "25.2.0"
  resolved "https://registry.yarnpkg.com/@types/node/-/node-25.2.0.tgz#015b7d228470c1dcbfc17fe9c63039d216b4d782"
  integrity sha512-DZ8VwRFUNzuqJ5khrvwMXHmvPe+zGayJhr2CDNiKB1WBE1ST8Djl00D0IC4vvNmHMdj6DlbYRIaFE7WHjlDl5w==
  dependencies:
    undici-types "~7.16.0"

ansi-styles@^4.1.0:
  version "4.3.0"
  resolved "https://registry.yarnpkg.com/ansi-styles/-/ansi-styles-4.3.0.tgz#edd803628ae71c04c85ae7a0906edad34b648937"
  integrity sha512-zbB9rCJAT1rbjiVDb2hqKFHNYLxgtk8NURxZ3IZwD3F6NtxbXZQCnnSi1Lkx+IDohdPlFp222wVALIheZJQSEg==
  dependencies:
    color-convert "^2.0.1"

braces@^3.0.3:
  version "3.0.3"
  resolved "https://registry.yarnpkg.com/braces/-/braces-3.0.3.tgz#490332f40919452272d55a8480adc0c441358789"
  integrity sha512-yQbXgO/OSZVD2IsiLlro+7Hf6Q18EJrKSEsdoMzKePKXct3gvD8oLcOQdIzGupr5Fj+EDe8gO/lxc1BzfMpxvA==
  dependencies:
    fill-range "^7.1.1"

chalk@^4.1.2:
  version "4.1.2"
  resolved "https://registry.yarnpkg.com/chalk/-/chalk-4.1.2.tgz#aac4e2b7734a740867aeb16bf02aad556a1e7a01"
  integrity sha512-oKnbhFyRIXpUuez8iBMmyEa4nbj4IOQyuhc/wy9kY7/WVPcwIO9VA668Pu8RkO7+0G76SLROeyw9CpQ061i4mA==
  dependencies:
    ansi-styles "^4.1.0"
    supports-color "^7.1.0"

color-convert@^2.0.1:
  version "2.0.1"
  resolved "https://registry.yarnpkg.com/color-convert/-/color-convert-2.0.1.tgz#72d3a68d598c9bdb3af2ad1e84f21d896abd4de3"
  integrity sha512-RRECPsj7iu/xb5oKYcsFHSppFNnsj/52OVTRKb4zP5onXwVF3zVmmToNcOfGC+CRDpfK/U584fMg38ZHCaElKQ==
  dependencies:
    color-name "~1.1.4"

color-name@~1.1.4:
  version "1.1.4"
  resolved "https://registry.yarnpkg.com/color-name/-/color-name-1.1.4.tgz#c2a09a87acbde69543de6f63fa3995c826c536a2"
  integrity sha512-dOy+3AuW3a2wNbZHIuMZpTcgjGuLU/uBL/ubcZF9OXbDo8ff4O8yVp5Bf0efS8uEoYo5q4Fx7dY9OgQGXgAsQA==

depseek@^0.4.1:
  version "0.4.3"
  resolved "https://registry.yarnpkg.com/depseek/-/depseek-0.4.3.tgz#a3b006ff57b2f947c4b659e8c8f16550c8fbcec6"
  integrity sha512-0Ex/Uoz9Y9oipbqvgSc7FoV2q4GTDGORkg8TGgM9Pd3RyvRzrDYScKplWiqHU7WqckbKN5kukqD0opEayu2bXg==

fast-glob@^3.3.2:
  version "3.3.3"
  resolved "https://registry.yarnpkg.com/fast-glob/-/fast-glob-3.3.3.tgz#d06d585ce8dba90a16b0505c543c3ccfb3aeb818"
  integrity sha512-7MptL8U0cqcFdzIzwOTHoilX9x5BrNqye7Z/LuC7kCMRio1EMSyqRK3BEAUD7sXRq4iT4AzTVuZdhgQ2TCvYLg==
  dependencies:
    "@nodelib/fs.stat" "^2.0.2"
    "@nodelib/fs.walk" "^1.2.3"
    glob-parent "^5.1.2"
    merge2 "^1.3.0"
    micromatch "^4.0.8"

fastq@^1.6.0:
  version "1.20.1"
  resolved "https://registry.yarnpkg.com/fastq/-/fastq-1.20.1.tgz#ca750a10dc925bc8b18839fd203e3ef4b3ced675"
  integrity sha512-GGToxJ/w1x32s/D2EKND7kTil4n8OVk/9mycTc4VDza13lOvpUZTGX3mFSCtV9ksdGBVzvsyAVLM6mHFThxXxw==
  dependencies:
    reusify "^1.0.4"

fill-range@^7.1.1:
  version "7.1.1"
  resolved "https://registry.yarnpkg.com/fill-range/-/fill-range-7.1.1.tgz#44265d3cac07e3ea7dc247516380643754a05292"
  integrity sha512-YsGpe3WHLK8ZYi4tWDg2Jy3ebRz2rXowDxnld4bkQB00cc/1Zw9AWnC0i9ztDJitivtQvaI9KaLyKrc+hBW0yg==
  dependencies:
    to-regex-range "^5.0.1"

fs-extra@^11.2.0:
  version "11.3.3"
  resolved "https://registry.yarnpkg.com/fs-extra/-/fs-extra-11.3.3.tgz#a27da23b72524e81ac6c3815cc0179b8c74c59ee"
  integrity sha512-VWSRii4t0AFm6ixFFmLLx1t7wS1gh+ckoa84aOeapGum0h+EZd1EhEumSB+ZdDLnEPuucsVB9oB7cxJHap6Afg==
  dependencies:
    graceful-fs "^4.2.0"
    jsonfile "^6.0.1"
    universalify "^2.0.0"

glob-parent@^5.1.2:
  version "5.1.2"
  resolved "https://registry.yarnpkg.com/glob-parent/-/glob-parent-5.1.2.tgz#869832c58034fe68a4093c17dc15e8340d8401c4"
  integrity sha512-AOIgSQCepiJYwP3ARnGx+5VnTu2HBYdzbGP45eLw1vr3zB3vZLeyed1sC9hnbcOc9/SrMyM5RPQrkGz4aS9Zow==
  dependencies:
    is-glob "^4.0.1"

graceful-fs@^4.1.6, graceful-fs@^4.2.0:
  version "4.2.11"
  resolved "https://registry.yarnpkg.com/graceful-fs/-/graceful-fs-4.2.11.tgz#4183e4e8bf08bb6e05bbb2f7d2e0c8f712ca40e3"
  integrity sha512-RbJ5/jmFcNNCcDV5o9eTnBLJ/HszWV0P73bc+Ff4nS/rJj+YaS6IGyiOL0VoBYX+l1Wrl3k63h/KrH+nhJ0XvQ==

has-flag@^4.0.0:
  version "4.0.0"
  resolved "https://registry.yarnpkg.com/has-flag/-/has-flag-4.0.0.tgz#944771fd9c81c81265c4d6941860da06bb59479b"
  integrity sha512-EykJT/Q1KjTWctppgIAgfSO0tKVuZUjhgMr17kqTumMl6Afv3EISleU7qZUzoXDFTAHTDC4NOoG/ZxU3EvlMPQ==

is-extglob@^2.1.1:
  version "2.1.1"
  resolved "https://registry.yarnpkg.com/is-extglob/-/is-extglob-2.1.1.tgz#a88c02535791f02ed37c76a1b9ea9773c833f8c2"
  integrity sha512-SbKbANkN603Vi4jEZv49LeVJMn4yGwsbzZworEoyEiutsN3nJYdbO36zfhGJ6QEDpOZIFkDtnq5JRxmvl3jsoQ==

is-glob@^4.0.1:
  version "4.0.3"
  resolved "https://registry.yarnpkg.com/is-glob/-/is-glob-4.0.3.tgz#64f61e42cbbb2eec2071a9dac0b28ba1e65d5084"
  integrity sha512-xelSayHH36ZgE7ZWhli7pW34hNbNl8Ojv5KVmkJD4hBdD3th8Tfk9vYasLM+mXWOZhFkgZfxhLSnrwRr4elSSg==
  dependencies:
    is-extglob "^2.1.1"

is-number@^7.0.0:
  version "7.0.0"
  resolved "https://registry.yarnpkg.com/is-number/-/is-number-7.0.0.tgz#7535345b896734d5f80c4d06c50955527a14f12b"
  integrity sha512-41Cifkg6e8TylSpdtTpeLVMqvSBEVzTttHvERD741+pnZ8ANv0004MRL43QKPDlK9cGvNp6NZWZUBlbGXYxxng==

json5@^2.2.3:
  version "2.2.3"
  resolved "https://registry.yarnpkg.com/json5/-/json5-2.2.3.tgz#78cd6f1a19bdc12b73db5ad0c61efd66c1e29283"
  integrity sha512-XmOWe7eyHYH14cLdVPoyg+GOH3rYX++KpzrylJwSW98t3Nk+U8XOl8FWKOgwtzdb8lXGf6zYwDUzeHMWfxasyg==

jsonfile@^6.0.1:
  version "6.2.0"
  resolved "https://registry.yarnpkg.com/jsonfile/-/jsonfile-6.2.0.tgz#7c265bd1b65de6977478300087c99f1c84383f62"
  integrity sha512-FGuPw30AdOIUTRMC2OMRtQV+jkVj2cfPqSeWXv1NEAJ1qZ5zb1X6z1mFhbfOB/iy3ssJCD+3KuZ8r8C3uVFlAg==
  dependencies:
    universalify "^2.0.0"
  optionalDependencies:
    graceful-fs "^4.1.6"

merge2@^1.3.0:
  version "1.4.1"
  resolved "https://registry.yarnpkg.com/merge2/-/merge2-1.4.1.tgz#4368892f885e907455a6fd7dc55c0c9d404990ae"
  integrity sha512-8q7VEgMJW4J8tcfVPy8g09NcQwZdbwFEqhe/WZkoIzjn/3TGDwtOCYtXGxA3O8tPzpczCCDgv+P2P5y00ZJOOg==

micromatch@^4.0.8:
  version "4.0.8"
  resolved "https://registry.yarnpkg.com/micromatch/-/micromatch-4.0.8.tgz#d66fa18f3a47076789320b9b1af32bd86d9fa202"
  integrity sha512-PXwfBhYu0hBCPw8Dn0E+WDYb7af3dSLVWKi3HGv84IdF4TyFoC0ysxFd0Goxw7nSv4T/PzEJQxsYsEiFCKo2BA==
  dependencies:
    braces "^3.0.3"
    picomatch "^2.3.1"

oxfmt@^0.27.0:
  version "0.27.0"
  resolved "https://registry.yarnpkg.com/oxfmt/-/oxfmt-0.27.0.tgz#dc6b394398c0d277ee387a6fc6625800a1c859db"
  integrity sha512-FHR0HR3WeMKBuVEQvW3EeiRZXs/cQzNHxGbhCoAIEPr1FVcOa9GCqrKJXPqv2jkzmCg6Wqot+DvN9RzemyFJhw==
  dependencies:
    tinypool "2.0.0"
  optionalDependencies:
    "@oxfmt/darwin-arm64" "0.27.0"
    "@oxfmt/darwin-x64" "0.27.0"
    "@oxfmt/linux-arm64-gnu" "0.27.0"
    "@oxfmt/linux-arm64-musl" "0.27.0"
    "@oxfmt/linux-x64-gnu" "0.27.0"
    "@oxfmt/linux-x64-musl" "0.27.0"
    "@oxfmt/win32-arm64" "0.27.0"
    "@oxfmt/win32-x64" "0.27.0"

oxlint-tsgolint@^0.11.4:
  version "0.11.4"
  resolved "https://registry.yarnpkg.com/oxlint-tsgolint/-/oxlint-tsgolint-0.11.4.tgz#0884207c2a4c97e8e5025834a679293d03096dde"
  integrity sha512-VyQc+69TxQwUdsEPiVFN7vNZdDVO/FHaEcHltnWs3O6rvwxv67uADlknQQO714sbRdEahOjgO5dFf+K9ili0gg==
  optionalDependencies:
    "@oxlint-tsgolint/darwin-arm64" "0.11.4"
    "@oxlint-tsgolint/darwin-x64" "0.11.4"
    "@oxlint-tsgolint/linux-arm64" "0.11.4"
    "@oxlint-tsgolint/linux-x64" "0.11.4"
    "@oxlint-tsgolint/win32-arm64" "0.11.4"
    "@oxlint-tsgolint/win32-x64" "0.11.4"

oxlint@^1.42.0:
  version "1.43.0"
  resolved "https://registry.yarnpkg.com/oxlint/-/oxlint-1.43.0.tgz#3fb066747248150efe22d6afaa5b57bd86392472"
  integrity sha512-xiqTCsKZch+R61DPCjyqUVP2MhkQlRRYxLRBeBDi+dtQJ90MOgdcjIktvDCgXz0bgtx94EQzHEndsizZjMX2OA==
  optionalDependencies:
    "@oxlint/darwin-arm64" "1.43.0"
    "@oxlint/darwin-x64" "1.43.0"
    "@oxlint/linux-arm64-gnu" "1.43.0"
    "@oxlint/linux-arm64-musl" "1.43.0"
    "@oxlint/linux-x64-gnu" "1.43.0"
    "@oxlint/linux-x64-musl" "1.43.0"
    "@oxlint/win32-arm64" "1.43.0"
    "@oxlint/win32-x64" "1.43.0"

picomatch@^2.3.1:
  version "2.3.1"
  resolved "https://registry.yarnpkg.com/picomatch/-/picomatch-2.3.1.tgz#3ba3833733646d9d3e4995946c1365a67fb07a42"
  integrity sha512-JU3teHTNjmE2VCGFzuY8EXzCDVwEqB2a8fsIvwaStHhAWJEeVd1o1QD80CU6+ZdEXXSLbSsuLwJjkCBWqRQUVA==

queue-microtask@^1.2.2:
  version "1.2.3"
  resolved "https://registry.yarnpkg.com/queue-microtask/-/queue-microtask-1.2.3.tgz#4929228bbc724dfac43e0efb058caf7b6cfb6243"
  integrity sha512-NuaNSa6flKT5JaSYQzJok04JzTL1CA6aGhv5rfLW3PgqA+M2ChpZQnAC8h8i4ZFkBS8X5RqkDBHA7r4hej3K9A==

reusify@^1.0.4:
  version "1.1.0"
  resolved "https://registry.yarnpkg.com/reusify/-/reusify-1.1.0.tgz#0fe13b9522e1473f51b558ee796e08f11f9b489f"
  integrity sha512-g6QUff04oZpHs0eG5p83rFLhHeV00ug/Yf9nZM6fLeUrPguBTkTQOdpAWWspMh55TZfVQDPaN3NQJfbVRAxdIw==

run-parallel@^1.1.9:
  version "1.2.0"
  resolved "https://registry.yarnpkg.com/run-parallel/-/run-parallel-1.2.0.tgz#66d1368da7bdf921eb9d95bd1a9229e7f21a43ee"
  integrity sha512-5l4VyZR86LZ/lDxZTR6jqL8AFE2S0IFLMP26AbjsLVADxHdhB/c0GUsH+y39UfCi3dzz8OlQuPmnaJOMoDHQBA==
  dependencies:
    queue-microtask "^1.2.2"

supports-color@^7.1.0:
  version "7.2.0"
  resolved "https://registry.yarnpkg.com/supports-color/-/supports-color-7.2.0.tgz#1b7dcdcb32b8138801b3e478ba6a51caa89648da"
  integrity sha512-qpCAvRl9stuOHveKsn7HncJRvv501qIacKzQlO/+Lwxc9+0q2wLyv4Dfvt80/DPn2pqOBsJdDiogXGR9+OvwRw==
  dependencies:
    has-flag "^4.0.0"

tinypool@2.0.0:
  version "2.0.0"
  resolved "https://registry.yarnpkg.com/tinypool/-/tinypool-2.0.0.tgz#7eaea50341e1026cecb75e04d4e6ea6ede68b7ca"
  integrity sha512-/RX9RzeH2xU5ADE7n2Ykvmi9ED3FBGPAjw9u3zucrNNaEBIO0HPSYgL0NT7+3p147ojeSdaVu08F6hjpv31HJg==

to-regex-range@^5.0.1:
  version "5.0.1"
  resolved "https://registry.yarnpkg.com/to-regex-range/-/to-regex-range-5.0.1.tgz#1648c44aae7c8d988a326018ed72f5b4dd0392e4"
  integrity sha512-65P7iz6X5yEr1cwcgvQxbbIw7Uk3gOy5dIdtZ4rDveLqhrdJP+Li/Hx6tyK0NEb+2GCyneCMJiGqrADCSNk8sQ==
  dependencies:
    is-number "^7.0.0"

tsc-esm-fix@^3.0.2:
  version "3.1.2"
  resolved "https://registry.yarnpkg.com/tsc-esm-fix/-/tsc-esm-fix-3.1.2.tgz#cf275fd552f2e96dd1d9f86395fb72699a284e6a"
  integrity sha512-1/OpZssMcEp2ae6DyZV+yvDviofuCdDf7dEWEaBvm/ac8vtS04lFyl0LVs8LQE56vjKHytgzVjPIL9udM4QuNg==
  dependencies:
    "@topoconfig/extends" "^0.16.2"
    depseek "^0.4.1"
    fast-glob "^3.3.2"
    fs-extra "^11.2.0"
    json5 "^2.2.3"
    type-flag "^3.0.0"

type-flag@^3.0.0:
  version "3.0.0"
  resolved "https://registry.yarnpkg.com/type-flag/-/type-flag-3.0.0.tgz#2caef2f20f2c71e960fe1d3b6f57bae8c8246459"
  integrity sha512-3YaYwMseXCAhBB14RXW5cRQfJQlEknS6i4C8fCfeUdS3ihG9EdccdR9kt3vP73ZdeTGmPb4bZtkDn5XMIn1DLA==

typescript@^5.9.3:
  version "5.9.3"
  resolved "https://registry.yarnpkg.com/typescript/-/typescript-5.9.3.tgz#5b4f59e15310ab17a216f5d6cf53ee476ede670f"
  integrity sha512-jl1vZzPDinLr9eUt3J/t7V6FgNEw9QjvBPdysz9KfQDD41fQrC2Y4vKQdiaUpFT4bXlb1RHhLpp8wtm6M5TgSw==

undici-types@~7.16.0:
  version "7.16.0"
  resolved "https://registry.yarnpkg.com/undici-types/-/undici-types-7.16.0.tgz#ffccdff36aea4884cbfce9a750a0580224f58a46"
  integrity sha512-Zz+aZWSj8LE6zoxD+xrjh4VfkIG8Ya6LvYkZqtUQGJPZjYl53ypCaUwWqo7eI0x66KBGeRo+mlBEkMSeSZ38Nw==

universalify@^2.0.0:
  version "2.0.1"
  resolved "https://registry.yarnpkg.com/universalify/-/universalify-2.0.1.tgz#168efc2180964e6386d061e094df61afe239b18d"
  integrity sha512-gptHNQghINnc/vTGIk0SOFGFNXw7JVrlRUtConJRlvaw6DuX0wO5Jeko9sWrMBhh+PsYAZ7oXAiOnf/UKogyiw==
